// !$*UTF8*$!
{
	archiveVersion = 1;
	classes = {
	};
	objectVersion = 56;
	objects = {

/* Begin PBXBuildFile section */
		76087B9A2B8BD469005C2431 /* ListSectionTag.swift in Sources */ = {isa = PBXBuildFile; fileRef = 76087B992B8BD469005C2431 /* ListSectionTag.swift */; };
		76087B9C2B8BD47B005C2431 /* LocationTextField.swift in Sources */ = {isa = PBXBuildFile; fileRef = 76087B9B2B8BD47B005C2431 /* LocationTextField.swift */; };
		76087BA02B8BD49B005C2431 /* ChartTitle.swift in Sources */ = {isa = PBXBuildFile; fileRef = 76087B9F2B8BD49B005C2431 /* ChartTitle.swift */; };
		76087BA22B8BD4AB005C2431 /* ConditionalContainerRelativeFrame.swift in Sources */ = {isa = PBXBuildFile; fileRef = 76087BA12B8BD4AB005C2431 /* ConditionalContainerRelativeFrame.swift */; };
		76087BA42B8BD4BB005C2431 /* ConditionalPadding.swift in Sources */ = {isa = PBXBuildFile; fileRef = 76087BA32B8BD4BB005C2431 /* ConditionalPadding.swift */; };
		76087BA62B8BD4D0005C2431 /* ConditionalContentMargins.swift in Sources */ = {isa = PBXBuildFile; fileRef = 76087BA52B8BD4D0005C2431 /* ConditionalContentMargins.swift */; };
		76087BAF2B8BD5C7005C2431 /* LocationManager.swift in Sources */ = {isa = PBXBuildFile; fileRef = 76087BAE2B8BD5C7005C2431 /* LocationManager.swift */; };
		761A884B2B97DDC000F85ABB /* MacModifier.swift in Sources */ = {isa = PBXBuildFile; fileRef = 761A884A2B97DDC000F85ABB /* MacModifier.swift */; };
		761A884D2B97DE1100F85ABB /* ConditionalScrollTargetBehaviour.swift in Sources */ = {isa = PBXBuildFile; fileRef = 761A884C2B97DE1100F85ABB /* ConditionalScrollTargetBehaviour.swift */; };
		761A884F2B97DE3A00F85ABB /* UIScreen.swift in Sources */ = {isa = PBXBuildFile; fileRef = 761A884E2B97DE3A00F85ABB /* UIScreen.swift */; };
		761A88512B97DE4B00F85ABB /* UIWindow.swift in Sources */ = {isa = PBXBuildFile; fileRef = 761A88502B97DE4B00F85ABB /* UIWindow.swift */; };
		761A88532B97DFCF00F85ABB /* TriviaTip.swift in Sources */ = {isa = PBXBuildFile; fileRef = 761A88522B97DFCF00F85ABB /* TriviaTip.swift */; };
		761A88552B97DFE800F85ABB /* StatsGraphTip.swift in Sources */ = {isa = PBXBuildFile; fileRef = 761A88542B97DFE800F85ABB /* StatsGraphTip.swift */; };
		761A88572B97E00900F85ABB /* StatsOverviewTip.swift in Sources */ = {isa = PBXBuildFile; fileRef = 761A88562B97E00900F85ABB /* StatsOverviewTip.swift */; };
		761A88592B97E02E00F85ABB /* JourneyReturnTip.swift in Sources */ = {isa = PBXBuildFile; fileRef = 761A88582B97E02E00F85ABB /* JourneyReturnTip.swift */; };
		761A885B2B97E04D00F85ABB /* EmissionsProfileTip.swift in Sources */ = {isa = PBXBuildFile; fileRef = 761A885A2B97E04D00F85ABB /* EmissionsProfileTip.swift */; };
		7644DC7E2B98900F00B3EAE4 /* PeelEffectView.swift in Sources */ = {isa = PBXBuildFile; fileRef = 7644DC7D2B98900F00B3EAE4 /* PeelEffectView.swift */; };
		7644DC802B98930B00B3EAE4 /* TrophyManager.swift in Sources */ = {isa = PBXBuildFile; fileRef = 7644DC7F2B98930B00B3EAE4 /* TrophyManager.swift */; };
		7644DC822B98934100B3EAE4 /* NavView.swift in Sources */ = {isa = PBXBuildFile; fileRef = 7644DC812B98934100B3EAE4 /* NavView.swift */; };
		7644DC8B2B98943800B3EAE4 /* HomeView.swift in Sources */ = {isa = PBXBuildFile; fileRef = 7644DC8A2B98943800B3EAE4 /* HomeView.swift */; };
		7644DC8F2B9894A600B3EAE4 /* QuickActionView.swift in Sources */ = {isa = PBXBuildFile; fileRef = 7644DC8E2B9894A600B3EAE4 /* QuickActionView.swift */; };
		7644DC912B9894C200B3EAE4 /* QuickActionGalleryView.swift in Sources */ = {isa = PBXBuildFile; fileRef = 7644DC902B9894C200B3EAE4 /* QuickActionGalleryView.swift */; };
		7644DC962B98956900B3EAE4 /* CarbonOutputHeaderView.swift in Sources */ = {isa = PBXBuildFile; fileRef = 7644DC952B98956900B3EAE4 /* CarbonOutputHeaderView.swift */; };
		7644DC982B98957F00B3EAE4 /* CarbonOutputValueView.swift in Sources */ = {isa = PBXBuildFile; fileRef = 7644DC972B98957F00B3EAE4 /* CarbonOutputValueView.swift */; };
		7644DC9A2B98959800B3EAE4 /* CarbonOutputViewModel.swift in Sources */ = {isa = PBXBuildFile; fileRef = 7644DC992B98959800B3EAE4 /* CarbonOutputViewModel.swift */; };
		7644DC9E2B9895EE00B3EAE4 /* ImpactListView.swift in Sources */ = {isa = PBXBuildFile; fileRef = 7644DC9D2B9895EE00B3EAE4 /* ImpactListView.swift */; };
		7644DCA02B98960B00B3EAE4 /* ImpactGalleryView.swift in Sources */ = {isa = PBXBuildFile; fileRef = 7644DC9F2B98960B00B3EAE4 /* ImpactGalleryView.swift */; };
		7644DCA22B98961F00B3EAE4 /* ImpactListItemView.swift in Sources */ = {isa = PBXBuildFile; fileRef = 7644DCA12B98961F00B3EAE4 /* ImpactListItemView.swift */; };
		7644DCA42B98963800B3EAE4 /* ImpactViewModel.swift in Sources */ = {isa = PBXBuildFile; fileRef = 7644DCA32B98963800B3EAE4 /* ImpactViewModel.swift */; };
		7644DCA82B9896B700B3EAE4 /* TriviaGalleryView.swift in Sources */ = {isa = PBXBuildFile; fileRef = 7644DCA72B9896B700B3EAE4 /* TriviaGalleryView.swift */; };
		7644DCAA2B9896FF00B3EAE4 /* TriviaItemView.swift in Sources */ = {isa = PBXBuildFile; fileRef = 7644DCA92B9896FF00B3EAE4 /* TriviaItemView.swift */; };
		7644DCAC2B98972600B3EAE4 /* TriviaDetailView.swift in Sources */ = {isa = PBXBuildFile; fileRef = 7644DCAB2B98972600B3EAE4 /* TriviaDetailView.swift */; };
		7644DCAE2B98974000B3EAE4 /* TriviaViewModel.swift in Sources */ = {isa = PBXBuildFile; fileRef = 7644DCAD2B98974000B3EAE4 /* TriviaViewModel.swift */; };
		7644DCB22B9897E800B3EAE4 /* StatsView.swift in Sources */ = {isa = PBXBuildFile; fileRef = 7644DCB12B9897E800B3EAE4 /* StatsView.swift */; };
		7644DCB42B9897F700B3EAE4 /* StatsTabView.swift in Sources */ = {isa = PBXBuildFile; fileRef = 7644DCB32B9897F700B3EAE4 /* StatsTabView.swift */; };
		7644DCB62B98981800B3EAE4 /* StatsProfileView.swift in Sources */ = {isa = PBXBuildFile; fileRef = 7644DCB52B98981800B3EAE4 /* StatsProfileView.swift */; };
		7644DCB82B98984300B3EAE4 /* StatsGridView.swift in Sources */ = {isa = PBXBuildFile; fileRef = 7644DCB72B98984300B3EAE4 /* StatsGridView.swift */; };
		7644DCBA2B98986800B3EAE4 /* StatsItemView.swift in Sources */ = {isa = PBXBuildFile; fileRef = 7644DCB92B98986800B3EAE4 /* StatsItemView.swift */; };
		7644DCBC2B98987D00B3EAE4 /* StatsGraphView.swift in Sources */ = {isa = PBXBuildFile; fileRef = 7644DCBB2B98987D00B3EAE4 /* StatsGraphView.swift */; };
		7644DCBE2B98988E00B3EAE4 /* StatsGraphOverlayView.swift in Sources */ = {isa = PBXBuildFile; fileRef = 7644DCBD2B98988E00B3EAE4 /* StatsGraphOverlayView.swift */; };
		7644DCC02B9898B300B3EAE4 /* StatsGraphViewModel.swift in Sources */ = {isa = PBXBuildFile; fileRef = 7644DCBF2B9898B300B3EAE4 /* StatsGraphViewModel.swift */; };
		7644DCC22B9898CD00B3EAE4 /* StatsViewModel.swift in Sources */ = {isa = PBXBuildFile; fileRef = 7644DCC12B9898CD00B3EAE4 /* StatsViewModel.swift */; };
		7644DCC42B9898E400B3EAE4 /* StatsPieViewModel.swift in Sources */ = {isa = PBXBuildFile; fileRef = 7644DCC32B9898E400B3EAE4 /* StatsPieViewModel.swift */; };
		7644DCC62B9898FC00B3EAE4 /* StatsPieView.swift in Sources */ = {isa = PBXBuildFile; fileRef = 7644DCC52B9898FC00B3EAE4 /* StatsPieView.swift */; };
		7644DCC82B98991A00B3EAE4 /* StatsPieOverlayView.swift in Sources */ = {isa = PBXBuildFile; fileRef = 7644DCC72B98991A00B3EAE4 /* StatsPieOverlayView.swift */; };
		7644DCCA2B98992C00B3EAE4 /* StatsGalleryView.swift in Sources */ = {isa = PBXBuildFile; fileRef = 7644DCC92B98992C00B3EAE4 /* StatsGalleryView.swift */; };
		7644DCCC2B98A6B800B3EAE4 /* JourneyExtension.swift in Sources */ = {isa = PBXBuildFile; fileRef = 7644DCCB2B98A6B800B3EAE4 /* JourneyExtension.swift */; };
		7644DCD02B98A6FC00B3EAE4 /* TrophiesView.swift in Sources */ = {isa = PBXBuildFile; fileRef = 7644DCCF2B98A6FC00B3EAE4 /* TrophiesView.swift */; };
		7644DCD22B98A71200B3EAE4 /* TrophyView.swift in Sources */ = {isa = PBXBuildFile; fileRef = 7644DCD12B98A71200B3EAE4 /* TrophyView.swift */; };
		7644DCD42B98A72B00B3EAE4 /* TrophyListItemView.swift in Sources */ = {isa = PBXBuildFile; fileRef = 7644DCD32B98A72B00B3EAE4 /* TrophyListItemView.swift */; };
		7644DCD62B98A73E00B3EAE4 /* TrophyUnlockedView.swift in Sources */ = {isa = PBXBuildFile; fileRef = 7644DCD52B98A73E00B3EAE4 /* TrophyUnlockedView.swift */; };
		7644DCD82B98A75200B3EAE4 /* TrophyLockedView.swift in Sources */ = {isa = PBXBuildFile; fileRef = 7644DCD72B98A75200B3EAE4 /* TrophyLockedView.swift */; };
		7644DCDA2B98A76800B3EAE4 /* TrophyDisplayView.swift in Sources */ = {isa = PBXBuildFile; fileRef = 7644DCD92B98A76800B3EAE4 /* TrophyDisplayView.swift */; };
		7644DCDC2B98A77B00B3EAE4 /* TrophyAchievedView.swift in Sources */ = {isa = PBXBuildFile; fileRef = 7644DCDB2B98A77B00B3EAE4 /* TrophyAchievedView.swift */; };
		7644DCDF2B98A7A900B3EAE4 /* TrophiesViewModel.swift in Sources */ = {isa = PBXBuildFile; fileRef = 7644DCDE2B98A7A900B3EAE4 /* TrophiesViewModel.swift */; };
		7644DCE12B98A7DD00B3EAE4 /* Trophy.swift in Sources */ = {isa = PBXBuildFile; fileRef = 7644DCE02B98A7DD00B3EAE4 /* Trophy.swift */; };
		7644DCE82B98A85900B3EAE4 /* FactGalleryView.swift in Sources */ = {isa = PBXBuildFile; fileRef = 7644DCE72B98A85900B3EAE4 /* FactGalleryView.swift */; };
		7644DCEA2B98A87300B3EAE4 /* FactView.swift in Sources */ = {isa = PBXBuildFile; fileRef = 7644DCE92B98A87300B3EAE4 /* FactView.swift */; };
		7644DCEC2B98A88900B3EAE4 /* FactViewModel.swift in Sources */ = {isa = PBXBuildFile; fileRef = 7644DCEB2B98A88900B3EAE4 /* FactViewModel.swift */; };
		7644DCF02B98A8BE00B3EAE4 /* SourcesGalleryView.swift in Sources */ = {isa = PBXBuildFile; fileRef = 7644DCEF2B98A8BE00B3EAE4 /* SourcesGalleryView.swift */; };
		7644DCF22B98A8EB00B3EAE4 /* SourceTypeListItemView.swift in Sources */ = {isa = PBXBuildFile; fileRef = 7644DCF12B98A8EB00B3EAE4 /* SourceTypeListItemView.swift */; };
		7644DCF42B98A91200B3EAE4 /* SourcesFeedView.swift in Sources */ = {isa = PBXBuildFile; fileRef = 7644DCF32B98A91200B3EAE4 /* SourcesFeedView.swift */; };
		7644DCF62B98A92A00B3EAE4 /* SourceView.swift in Sources */ = {isa = PBXBuildFile; fileRef = 7644DCF52B98A92A00B3EAE4 /* SourceView.swift */; };
		7644DCF82B98A94300B3EAE4 /* SourceDetailsView.swift in Sources */ = {isa = PBXBuildFile; fileRef = 7644DCF72B98A94300B3EAE4 /* SourceDetailsView.swift */; };
		7644DCFA2B98A95C00B3EAE4 /* SourceLinksView.swift in Sources */ = {isa = PBXBuildFile; fileRef = 7644DCF92B98A95C00B3EAE4 /* SourceLinksView.swift */; };
		7644DCFC2B98A97200B3EAE4 /* SourcesViewModel.swift in Sources */ = {isa = PBXBuildFile; fileRef = 7644DCFB2B98A97200B3EAE4 /* SourcesViewModel.swift */; };
		7644DD002B98AAAB00B3EAE4 /* ArticlesGalleryView.swift in Sources */ = {isa = PBXBuildFile; fileRef = 7644DCFF2B98AAAB00B3EAE4 /* ArticlesGalleryView.swift */; };
		7644DD022B98AAC100B3EAE4 /* TopPicksGalleryView.swift in Sources */ = {isa = PBXBuildFile; fileRef = 7644DD012B98AAC100B3EAE4 /* TopPicksGalleryView.swift */; };
		7644DD042B98AAD600B3EAE4 /* ArticlesFeedView.swift in Sources */ = {isa = PBXBuildFile; fileRef = 7644DD032B98AAD600B3EAE4 /* ArticlesFeedView.swift */; };
		7644DD062B98AAE900B3EAE4 /* ArticlesErrorView.swift in Sources */ = {isa = PBXBuildFile; fileRef = 7644DD052B98AAE900B3EAE4 /* ArticlesErrorView.swift */; };
		7644DD082B98AB0400B3EAE4 /* ArticleListItemView.swift in Sources */ = {isa = PBXBuildFile; fileRef = 7644DD072B98AB0400B3EAE4 /* ArticleListItemView.swift */; };
		7644DD0A2B98AB1E00B3EAE4 /* ArticlesGalleryViewModel.swift in Sources */ = {isa = PBXBuildFile; fileRef = 7644DD092B98AB1E00B3EAE4 /* ArticlesGalleryViewModel.swift */; };
		7644DD0D2B98AB4C00B3EAE4 /* LearningView.swift in Sources */ = {isa = PBXBuildFile; fileRef = 7644DD0C2B98AB4C00B3EAE4 /* LearningView.swift */; };
		7644DD142B98AB8900B3EAE4 /* ReadArticle.swift in Sources */ = {isa = PBXBuildFile; fileRef = 7644DD132B98AB8900B3EAE4 /* ReadArticle.swift */; };
		7644DD162B98ABEE00B3EAE4 /* EmissionsProfileGalleryView.swift in Sources */ = {isa = PBXBuildFile; fileRef = 7644DD152B98ABEE00B3EAE4 /* EmissionsProfileGalleryView.swift */; };
		7644DD182B98AC0A00B3EAE4 /* EmissionsProfileView.swift in Sources */ = {isa = PBXBuildFile; fileRef = 7644DD172B98AC0A00B3EAE4 /* EmissionsProfileView.swift */; };
		7644DD1A2B98AC1C00B3EAE4 /* EmissionsProfileItemView.swift in Sources */ = {isa = PBXBuildFile; fileRef = 7644DD192B98AC1C00B3EAE4 /* EmissionsProfileItemView.swift */; };
		7644DD1C2B98AC3000B3EAE4 /* EmissionsProfileView.swift in Sources */ = {isa = PBXBuildFile; fileRef = 7644DD1B2B98AC3000B3EAE4 /* EmissionsProfileView.swift */; };
		7644DD1E2B98AC5400B3EAE4 /* EmissionsProfileBreakdownView.swift in Sources */ = {isa = PBXBuildFile; fileRef = 7644DD1D2B98AC5400B3EAE4 /* EmissionsProfileBreakdownView.swift */; };
		7644DD202B98ACF100B3EAE4 /* TransportMethodsView.swift in Sources */ = {isa = PBXBuildFile; fileRef = 7644DD1F2B98ACF100B3EAE4 /* TransportMethodsView.swift */; };
		7644DD222B98AD0800B3EAE4 /* TransportTip.swift in Sources */ = {isa = PBXBuildFile; fileRef = 7644DD212B98AD0800B3EAE4 /* TransportTip.swift */; };
		7644DD242B98AD3100B3EAE4 /* TransportMethodView.swift in Sources */ = {isa = PBXBuildFile; fileRef = 7644DD232B98AD3100B3EAE4 /* TransportMethodView.swift */; };
		7644DD262B98AD5B00B3EAE4 /* TransportMethodOverlayView.swift in Sources */ = {isa = PBXBuildFile; fileRef = 7644DD252B98AD5B00B3EAE4 /* TransportMethodOverlayView.swift */; };
		7644DD2B2B98AEF800B3EAE4 /* LevelView.swift in Sources */ = {isa = PBXBuildFile; fileRef = 7644DD2A2B98AEF800B3EAE4 /* LevelView.swift */; };
		7644DD2D2B98AF1C00B3EAE4 /* LevelXpView.swift in Sources */ = {isa = PBXBuildFile; fileRef = 7644DD2C2B98AF1C00B3EAE4 /* LevelXpView.swift */; };
		7644DD2F2B98AFE300B3EAE4 /* LevelXpItemView.swift in Sources */ = {isa = PBXBuildFile; fileRef = 7644DD2E2B98AFE300B3EAE4 /* LevelXpItemView.swift */; };
		7644DD312B98AFF900B3EAE4 /* LevelIndicatorView.swift in Sources */ = {isa = PBXBuildFile; fileRef = 7644DD302B98AFF900B3EAE4 /* LevelIndicatorView.swift */; };
		7644DD332B98B00F00B3EAE4 /* LevelProgressView.swift in Sources */ = {isa = PBXBuildFile; fileRef = 7644DD322B98B00F00B3EAE4 /* LevelProgressView.swift */; };
		7644DD352B98B02700B3EAE4 /* LevelTextView.swift in Sources */ = {isa = PBXBuildFile; fileRef = 7644DD342B98B02700B3EAE4 /* LevelTextView.swift */; };
		7644DD372B98B03900B3EAE4 /* LevelUpView.swift in Sources */ = {isa = PBXBuildFile; fileRef = 7644DD362B98B03900B3EAE4 /* LevelUpView.swift */; };
		7644DD392B98B04900B3EAE4 /* LevelCounterView.swift in Sources */ = {isa = PBXBuildFile; fileRef = 7644DD382B98B04900B3EAE4 /* LevelCounterView.swift */; };
		7644DD3B2B98B06100B3EAE4 /* LevelConfettiView.swift in Sources */ = {isa = PBXBuildFile; fileRef = 7644DD3A2B98B06100B3EAE4 /* LevelConfettiView.swift */; };
		7644DD3D2B98B06E00B3EAE4 /* LevelViewModel.swift in Sources */ = {isa = PBXBuildFile; fileRef = 7644DD3C2B98B06E00B3EAE4 /* LevelViewModel.swift */; };
		7644DD3F2B98B07F00B3EAE4 /* LevelUserRibbonView.swift in Sources */ = {isa = PBXBuildFile; fileRef = 7644DD3E2B98B07F00B3EAE4 /* LevelUserRibbonView.swift */; };
		765FA8902B91EC3000030EC1 /* Source.swift in Sources */ = {isa = PBXBuildFile; fileRef = 765FA88F2B91EC3000030EC1 /* Source.swift */; };
		765FA8922B91EC4F00030EC1 /* Details.swift in Sources */ = {isa = PBXBuildFile; fileRef = 765FA8912B91EC4F00030EC1 /* Details.swift */; };
		765FA8942B91EC8700030EC1 /* SourceLink.swift in Sources */ = {isa = PBXBuildFile; fileRef = 765FA8932B91EC8700030EC1 /* SourceLink.swift */; };
		765FA8962B91EC9900030EC1 /* Paragraph.swift in Sources */ = {isa = PBXBuildFile; fileRef = 765FA8952B91EC9900030EC1 /* Paragraph.swift */; };
		765FA8982B91ECA600030EC1 /* Article.swift in Sources */ = {isa = PBXBuildFile; fileRef = 765FA8972B91ECA600030EC1 /* Article.swift */; };
		765FA89A2B91ECBE00030EC1 /* ArticleSource.swift in Sources */ = {isa = PBXBuildFile; fileRef = 765FA8992B91ECBE00030EC1 /* ArticleSource.swift */; };
		765FA89C2B91ECDB00030EC1 /* Articles.swift in Sources */ = {isa = PBXBuildFile; fileRef = 765FA89B2B91ECDB00030EC1 /* Articles.swift */; };
		765FA89E2B91ECE600030EC1 /* TopPicks.swift in Sources */ = {isa = PBXBuildFile; fileRef = 765FA89D2B91ECE600030EC1 /* TopPicks.swift */; };
		765FA8A02B91ECEE00030EC1 /* Trivia.swift in Sources */ = {isa = PBXBuildFile; fileRef = 765FA89F2B91ECEE00030EC1 /* Trivia.swift */; };
		765FA8A22B91ED0200030EC1 /* Fact.swift in Sources */ = {isa = PBXBuildFile; fileRef = 765FA8A12B91ED0200030EC1 /* Fact.swift */; };
		765FA8A62B91ED7500030EC1 /* OnboardingViewModel.swift in Sources */ = {isa = PBXBuildFile; fileRef = 765FA8A52B91ED7500030EC1 /* OnboardingViewModel.swift */; };
		765FA8A82B91ED9800030EC1 /* OnboardingStartView.swift in Sources */ = {isa = PBXBuildFile; fileRef = 765FA8A72B91ED9800030EC1 /* OnboardingStartView.swift */; };
		765FA8AA2B91EDAD00030EC1 /* OnboardingSignInView.swift in Sources */ = {isa = PBXBuildFile; fileRef = 765FA8A92B91EDAD00030EC1 /* OnboardingSignInView.swift */; };
		765FA8AC2B91EDC300030EC1 /* OnboardingLocationView.swift in Sources */ = {isa = PBXBuildFile; fileRef = 765FA8AB2B91EDC300030EC1 /* OnboardingLocationView.swift */; };
		765FA8AE2B91EDD600030EC1 /* OnboardingNotificationView.swift in Sources */ = {isa = PBXBuildFile; fileRef = 765FA8AD2B91EDD600030EC1 /* OnboardingNotificationView.swift */; };
		765FA8B02B91EDE600030EC1 /* OnboardingDetailView.swift in Sources */ = {isa = PBXBuildFile; fileRef = 765FA8AF2B91EDE600030EC1 /* OnboardingDetailView.swift */; };
		765FA8B42B91EE4600030EC1 /* PublicDataManager.swift in Sources */ = {isa = PBXBuildFile; fileRef = 765FA8B32B91EE4600030EC1 /* PublicDataManager.swift */; };
		765FA8B62B91EE6300030EC1 /* LevelManager.swift in Sources */ = {isa = PBXBuildFile; fileRef = 765FA8B52B91EE6300030EC1 /* LevelManager.swift */; };
		765FA8B72B91F24F00030EC1 /* NotificationManager.swift in Sources */ = {isa = PBXBuildFile; fileRef = 76087BB02B8BD5D1005C2431 /* NotificationManager.swift */; };
		765FA8B82B91F25400030EC1 /* PrivateDataManager.swift in Sources */ = {isa = PBXBuildFile; fileRef = 765FA8B12B91EE2200030EC1 /* PrivateDataManager.swift */; };
		76E306CC2B69578700112552 /* EmissionIQApp.swift in Sources */ = {isa = PBXBuildFile; fileRef = 76E306CB2B69578700112552 /* EmissionIQApp.swift */; };
		76E306CE2B69578700112552 /* ContentView.swift in Sources */ = {isa = PBXBuildFile; fileRef = 76E306CD2B69578700112552 /* ContentView.swift */; };
		76E306D02B69578800112552 /* Assets.xcassets in Resources */ = {isa = PBXBuildFile; fileRef = 76E306CF2B69578800112552 /* Assets.xcassets */; };
		76E306D42B69578800112552 /* Preview Assets.xcassets in Resources */ = {isa = PBXBuildFile; fileRef = 76E306D32B69578800112552 /* Preview Assets.xcassets */; };
		76E306DB2B6957A500112552 /* .gitignore in Resources */ = {isa = PBXBuildFile; fileRef = 76E306DA2B6957A500112552 /* .gitignore */; };
		76F875152B88F2ED000EA3D7 /* DateExtension.swift in Sources */ = {isa = PBXBuildFile; fileRef = 76F875142B88F2ED000EA3D7 /* DateExtension.swift */; };
		76F875172B88F34E000EA3D7 /* RoundedSheet.swift in Sources */ = {isa = PBXBuildFile; fileRef = 76F875162B88F34E000EA3D7 /* RoundedSheet.swift */; };
		76F8751C2B88F39C000EA3D7 /* Gold.usdz in Resources */ = {isa = PBXBuildFile; fileRef = 76F875192B88F39C000EA3D7 /* Gold.usdz */; };
		76F8751D2B88F39C000EA3D7 /* Silver.usdz in Resources */ = {isa = PBXBuildFile; fileRef = 76F8751A2B88F39C000EA3D7 /* Silver.usdz */; };
		76F8751E2B88F39C000EA3D7 /* Bronze.usdz in Resources */ = {isa = PBXBuildFile; fileRef = 76F8751B2B88F39C000EA3D7 /* Bronze.usdz */; };
		76F875202B88F41F000EA3D7 /* WavyRectangle.swift in Sources */ = {isa = PBXBuildFile; fileRef = 76F8751F2B88F41F000EA3D7 /* WavyRectangle.swift */; };
		76F875222B88F42F000EA3D7 /* Ribbon.swift in Sources */ = {isa = PBXBuildFile; fileRef = 76F875212B88F42F000EA3D7 /* Ribbon.swift */; };
		76F875242B88F44B000EA3D7 /* WebView.swift in Sources */ = {isa = PBXBuildFile; fileRef = 76F875232B88F44B000EA3D7 /* WebView.swift */; };
		76F875282B88F4A6000EA3D7 /* GlassEffectView.swift in Sources */ = {isa = PBXBuildFile; fileRef = 76F875272B88F4A6000EA3D7 /* GlassEffectView.swift */; };
		76F8752A2B88F4C8000EA3D7 /* GalleryHeaderView.swift in Sources */ = {isa = PBXBuildFile; fileRef = 76F875292B88F4C8000EA3D7 /* GalleryHeaderView.swift */; };
		76F8752C2B88F4E7000EA3D7 /* PageHeaderView.swift in Sources */ = {isa = PBXBuildFile; fileRef = 76F8752B2B88F4E7000EA3D7 /* PageHeaderView.swift */; };
		76F8752E2B88F50D000EA3D7 /* ReusableButtonView.swift in Sources */ = {isa = PBXBuildFile; fileRef = 76F8752D2B88F50D000EA3D7 /* ReusableButtonView.swift */; };
		76F875302B88F52B000EA3D7 /* ReusableErrorView.swift in Sources */ = {isa = PBXBuildFile; fileRef = 76F8752F2B88F52B000EA3D7 /* ReusableErrorView.swift */; };
		76F875322B88F53E000EA3D7 /* LoadingView.swift in Sources */ = {isa = PBXBuildFile; fileRef = 76F875312B88F53E000EA3D7 /* LoadingView.swift */; };
		76F875362B88F610000EA3D7 /* facts.json in Resources */ = {isa = PBXBuildFile; fileRef = 76F875342B88F610000EA3D7 /* facts.json */; };
		76F875372B88F610000EA3D7 /* trivia.json in Resources */ = {isa = PBXBuildFile; fileRef = 76F875352B88F610000EA3D7 /* trivia.json */; };
		76F875392B88F634000EA3D7 /* sources.json in Resources */ = {isa = PBXBuildFile; fileRef = 76F875382B88F62A000EA3D7 /* sources.json */; };
		76F8753B2B88F652000EA3D7 /* topPicks.json in Resources */ = {isa = PBXBuildFile; fileRef = 76F8753A2B88F647000EA3D7 /* topPicks.json */; };
		76FF34B62B7FA26B00101092 /* Vortex in Frameworks */ = {isa = PBXBuildFile; productRef = 76FF34B52B7FA26B00101092 /* Vortex */; };
/* End PBXBuildFile section */

/* Begin PBXFileReference section */
		76087B992B8BD469005C2431 /* ListSectionTag.swift */ = {isa = PBXFileReference; lastKnownFileType = sourcecode.swift; path = ListSectionTag.swift; sourceTree = "<group>"; };
		76087B9B2B8BD47B005C2431 /* LocationTextField.swift */ = {isa = PBXFileReference; lastKnownFileType = sourcecode.swift; path = LocationTextField.swift; sourceTree = "<group>"; };
		76087B9F2B8BD49B005C2431 /* ChartTitle.swift */ = {isa = PBXFileReference; lastKnownFileType = sourcecode.swift; path = ChartTitle.swift; sourceTree = "<group>"; };
		76087BA12B8BD4AB005C2431 /* ConditionalContainerRelativeFrame.swift */ = {isa = PBXFileReference; lastKnownFileType = sourcecode.swift; path = ConditionalContainerRelativeFrame.swift; sourceTree = "<group>"; };
		76087BA32B8BD4BB005C2431 /* ConditionalPadding.swift */ = {isa = PBXFileReference; lastKnownFileType = sourcecode.swift; path = ConditionalPadding.swift; sourceTree = "<group>"; };
		76087BA52B8BD4D0005C2431 /* ConditionalContentMargins.swift */ = {isa = PBXFileReference; lastKnownFileType = sourcecode.swift; path = ConditionalContentMargins.swift; sourceTree = "<group>"; };
		76087BAE2B8BD5C7005C2431 /* LocationManager.swift */ = {isa = PBXFileReference; lastKnownFileType = sourcecode.swift; path = LocationManager.swift; sourceTree = "<group>"; };
		76087BB02B8BD5D1005C2431 /* NotificationManager.swift */ = {isa = PBXFileReference; lastKnownFileType = sourcecode.swift; path = NotificationManager.swift; sourceTree = "<group>"; };
		761A884A2B97DDC000F85ABB /* MacModifier.swift */ = {isa = PBXFileReference; lastKnownFileType = sourcecode.swift; path = MacModifier.swift; sourceTree = "<group>"; };
		761A884C2B97DE1100F85ABB /* ConditionalScrollTargetBehaviour.swift */ = {isa = PBXFileReference; lastKnownFileType = sourcecode.swift; path = ConditionalScrollTargetBehaviour.swift; sourceTree = "<group>"; };
		761A884E2B97DE3A00F85ABB /* UIScreen.swift */ = {isa = PBXFileReference; lastKnownFileType = sourcecode.swift; path = UIScreen.swift; sourceTree = "<group>"; };
		761A88502B97DE4B00F85ABB /* UIWindow.swift */ = {isa = PBXFileReference; lastKnownFileType = sourcecode.swift; path = UIWindow.swift; sourceTree = "<group>"; };
		761A88522B97DFCF00F85ABB /* TriviaTip.swift */ = {isa = PBXFileReference; lastKnownFileType = sourcecode.swift; path = TriviaTip.swift; sourceTree = "<group>"; };
		761A88542B97DFE800F85ABB /* StatsGraphTip.swift */ = {isa = PBXFileReference; lastKnownFileType = sourcecode.swift; path = StatsGraphTip.swift; sourceTree = "<group>"; };
		761A88562B97E00900F85ABB /* StatsOverviewTip.swift */ = {isa = PBXFileReference; lastKnownFileType = sourcecode.swift; path = StatsOverviewTip.swift; sourceTree = "<group>"; };
		761A88582B97E02E00F85ABB /* JourneyReturnTip.swift */ = {isa = PBXFileReference; lastKnownFileType = sourcecode.swift; path = JourneyReturnTip.swift; sourceTree = "<group>"; };
		761A885A2B97E04D00F85ABB /* EmissionsProfileTip.swift */ = {isa = PBXFileReference; lastKnownFileType = sourcecode.swift; path = EmissionsProfileTip.swift; sourceTree = "<group>"; };
		7644DC7D2B98900F00B3EAE4 /* PeelEffectView.swift */ = {isa = PBXFileReference; lastKnownFileType = sourcecode.swift; path = PeelEffectView.swift; sourceTree = "<group>"; };
		7644DC7F2B98930B00B3EAE4 /* TrophyManager.swift */ = {isa = PBXFileReference; lastKnownFileType = sourcecode.swift; path = TrophyManager.swift; sourceTree = "<group>"; };
		7644DC812B98934100B3EAE4 /* NavView.swift */ = {isa = PBXFileReference; lastKnownFileType = sourcecode.swift; path = NavView.swift; sourceTree = "<group>"; };
		7644DC8A2B98943800B3EAE4 /* HomeView.swift */ = {isa = PBXFileReference; lastKnownFileType = sourcecode.swift; path = HomeView.swift; sourceTree = "<group>"; };
		7644DC8E2B9894A600B3EAE4 /* QuickActionView.swift */ = {isa = PBXFileReference; lastKnownFileType = sourcecode.swift; path = QuickActionView.swift; sourceTree = "<group>"; };
		7644DC902B9894C200B3EAE4 /* QuickActionGalleryView.swift */ = {isa = PBXFileReference; lastKnownFileType = sourcecode.swift; path = QuickActionGalleryView.swift; sourceTree = "<group>"; };
		7644DC952B98956900B3EAE4 /* CarbonOutputHeaderView.swift */ = {isa = PBXFileReference; lastKnownFileType = sourcecode.swift; path = CarbonOutputHeaderView.swift; sourceTree = "<group>"; };
		7644DC972B98957F00B3EAE4 /* CarbonOutputValueView.swift */ = {isa = PBXFileReference; lastKnownFileType = sourcecode.swift; path = CarbonOutputValueView.swift; sourceTree = "<group>"; };
		7644DC992B98959800B3EAE4 /* CarbonOutputViewModel.swift */ = {isa = PBXFileReference; lastKnownFileType = sourcecode.swift; path = CarbonOutputViewModel.swift; sourceTree = "<group>"; };
		7644DC9D2B9895EE00B3EAE4 /* ImpactListView.swift */ = {isa = PBXFileReference; lastKnownFileType = sourcecode.swift; path = ImpactListView.swift; sourceTree = "<group>"; };
		7644DC9F2B98960B00B3EAE4 /* ImpactGalleryView.swift */ = {isa = PBXFileReference; lastKnownFileType = sourcecode.swift; path = ImpactGalleryView.swift; sourceTree = "<group>"; };
		7644DCA12B98961F00B3EAE4 /* ImpactListItemView.swift */ = {isa = PBXFileReference; lastKnownFileType = sourcecode.swift; path = ImpactListItemView.swift; sourceTree = "<group>"; };
		7644DCA32B98963800B3EAE4 /* ImpactViewModel.swift */ = {isa = PBXFileReference; lastKnownFileType = sourcecode.swift; path = ImpactViewModel.swift; sourceTree = "<group>"; };
		7644DCA72B9896B700B3EAE4 /* TriviaGalleryView.swift */ = {isa = PBXFileReference; lastKnownFileType = sourcecode.swift; path = TriviaGalleryView.swift; sourceTree = "<group>"; };
		7644DCA92B9896FF00B3EAE4 /* TriviaItemView.swift */ = {isa = PBXFileReference; lastKnownFileType = sourcecode.swift; path = TriviaItemView.swift; sourceTree = "<group>"; };
		7644DCAB2B98972600B3EAE4 /* TriviaDetailView.swift */ = {isa = PBXFileReference; lastKnownFileType = sourcecode.swift; path = TriviaDetailView.swift; sourceTree = "<group>"; };
		7644DCAD2B98974000B3EAE4 /* TriviaViewModel.swift */ = {isa = PBXFileReference; lastKnownFileType = sourcecode.swift; path = TriviaViewModel.swift; sourceTree = "<group>"; };
		7644DCB12B9897E800B3EAE4 /* StatsView.swift */ = {isa = PBXFileReference; lastKnownFileType = sourcecode.swift; path = StatsView.swift; sourceTree = "<group>"; };
		7644DCB32B9897F700B3EAE4 /* StatsTabView.swift */ = {isa = PBXFileReference; lastKnownFileType = sourcecode.swift; path = StatsTabView.swift; sourceTree = "<group>"; };
		7644DCB52B98981800B3EAE4 /* StatsProfileView.swift */ = {isa = PBXFileReference; lastKnownFileType = sourcecode.swift; path = StatsProfileView.swift; sourceTree = "<group>"; };
		7644DCB72B98984300B3EAE4 /* StatsGridView.swift */ = {isa = PBXFileReference; lastKnownFileType = sourcecode.swift; path = StatsGridView.swift; sourceTree = "<group>"; };
		7644DCB92B98986800B3EAE4 /* StatsItemView.swift */ = {isa = PBXFileReference; lastKnownFileType = sourcecode.swift; path = StatsItemView.swift; sourceTree = "<group>"; };
		7644DCBB2B98987D00B3EAE4 /* StatsGraphView.swift */ = {isa = PBXFileReference; lastKnownFileType = sourcecode.swift; path = StatsGraphView.swift; sourceTree = "<group>"; };
		7644DCBD2B98988E00B3EAE4 /* StatsGraphOverlayView.swift */ = {isa = PBXFileReference; lastKnownFileType = sourcecode.swift; path = StatsGraphOverlayView.swift; sourceTree = "<group>"; };
		7644DCBF2B9898B300B3EAE4 /* StatsGraphViewModel.swift */ = {isa = PBXFileReference; lastKnownFileType = sourcecode.swift; path = StatsGraphViewModel.swift; sourceTree = "<group>"; };
		7644DCC12B9898CD00B3EAE4 /* StatsViewModel.swift */ = {isa = PBXFileReference; lastKnownFileType = sourcecode.swift; path = StatsViewModel.swift; sourceTree = "<group>"; };
		7644DCC32B9898E400B3EAE4 /* StatsPieViewModel.swift */ = {isa = PBXFileReference; lastKnownFileType = sourcecode.swift; path = StatsPieViewModel.swift; sourceTree = "<group>"; };
		7644DCC52B9898FC00B3EAE4 /* StatsPieView.swift */ = {isa = PBXFileReference; lastKnownFileType = sourcecode.swift; path = StatsPieView.swift; sourceTree = "<group>"; };
		7644DCC72B98991A00B3EAE4 /* StatsPieOverlayView.swift */ = {isa = PBXFileReference; lastKnownFileType = sourcecode.swift; path = StatsPieOverlayView.swift; sourceTree = "<group>"; };
		7644DCC92B98992C00B3EAE4 /* StatsGalleryView.swift */ = {isa = PBXFileReference; lastKnownFileType = sourcecode.swift; path = StatsGalleryView.swift; sourceTree = "<group>"; };
		7644DCCB2B98A6B800B3EAE4 /* JourneyExtension.swift */ = {isa = PBXFileReference; lastKnownFileType = sourcecode.swift; path = JourneyExtension.swift; sourceTree = "<group>"; };
		7644DCCF2B98A6FC00B3EAE4 /* TrophiesView.swift */ = {isa = PBXFileReference; lastKnownFileType = sourcecode.swift; path = TrophiesView.swift; sourceTree = "<group>"; };
		7644DCD12B98A71200B3EAE4 /* TrophyView.swift */ = {isa = PBXFileReference; lastKnownFileType = sourcecode.swift; path = TrophyView.swift; sourceTree = "<group>"; };
		7644DCD32B98A72B00B3EAE4 /* TrophyListItemView.swift */ = {isa = PBXFileReference; lastKnownFileType = sourcecode.swift; path = TrophyListItemView.swift; sourceTree = "<group>"; };
		7644DCD52B98A73E00B3EAE4 /* TrophyUnlockedView.swift */ = {isa = PBXFileReference; lastKnownFileType = sourcecode.swift; path = TrophyUnlockedView.swift; sourceTree = "<group>"; };
		7644DCD72B98A75200B3EAE4 /* TrophyLockedView.swift */ = {isa = PBXFileReference; lastKnownFileType = sourcecode.swift; path = TrophyLockedView.swift; sourceTree = "<group>"; };
		7644DCD92B98A76800B3EAE4 /* TrophyDisplayView.swift */ = {isa = PBXFileReference; lastKnownFileType = sourcecode.swift; path = TrophyDisplayView.swift; sourceTree = "<group>"; };
		7644DCDB2B98A77B00B3EAE4 /* TrophyAchievedView.swift */ = {isa = PBXFileReference; lastKnownFileType = sourcecode.swift; path = TrophyAchievedView.swift; sourceTree = "<group>"; };
		7644DCDE2B98A7A900B3EAE4 /* TrophiesViewModel.swift */ = {isa = PBXFileReference; lastKnownFileType = sourcecode.swift; path = TrophiesViewModel.swift; sourceTree = "<group>"; };
		7644DCE02B98A7DD00B3EAE4 /* Trophy.swift */ = {isa = PBXFileReference; lastKnownFileType = sourcecode.swift; path = Trophy.swift; sourceTree = "<group>"; };
		7644DCE72B98A85900B3EAE4 /* FactGalleryView.swift */ = {isa = PBXFileReference; lastKnownFileType = sourcecode.swift; path = FactGalleryView.swift; sourceTree = "<group>"; };
		7644DCE92B98A87300B3EAE4 /* FactView.swift */ = {isa = PBXFileReference; lastKnownFileType = sourcecode.swift; path = FactView.swift; sourceTree = "<group>"; };
		7644DCEB2B98A88900B3EAE4 /* FactViewModel.swift */ = {isa = PBXFileReference; lastKnownFileType = sourcecode.swift; path = FactViewModel.swift; sourceTree = "<group>"; };
		7644DCEF2B98A8BE00B3EAE4 /* SourcesGalleryView.swift */ = {isa = PBXFileReference; lastKnownFileType = sourcecode.swift; path = SourcesGalleryView.swift; sourceTree = "<group>"; };
		7644DCF12B98A8EB00B3EAE4 /* SourceTypeListItemView.swift */ = {isa = PBXFileReference; lastKnownFileType = sourcecode.swift; path = SourceTypeListItemView.swift; sourceTree = "<group>"; };
		7644DCF32B98A91200B3EAE4 /* SourcesFeedView.swift */ = {isa = PBXFileReference; lastKnownFileType = sourcecode.swift; path = SourcesFeedView.swift; sourceTree = "<group>"; };
		7644DCF52B98A92A00B3EAE4 /* SourceView.swift */ = {isa = PBXFileReference; lastKnownFileType = sourcecode.swift; path = SourceView.swift; sourceTree = "<group>"; };
		7644DCF72B98A94300B3EAE4 /* SourceDetailsView.swift */ = {isa = PBXFileReference; lastKnownFileType = sourcecode.swift; path = SourceDetailsView.swift; sourceTree = "<group>"; };
		7644DCF92B98A95C00B3EAE4 /* SourceLinksView.swift */ = {isa = PBXFileReference; lastKnownFileType = sourcecode.swift; path = SourceLinksView.swift; sourceTree = "<group>"; };
		7644DCFB2B98A97200B3EAE4 /* SourcesViewModel.swift */ = {isa = PBXFileReference; lastKnownFileType = sourcecode.swift; path = SourcesViewModel.swift; sourceTree = "<group>"; };
		7644DCFF2B98AAAB00B3EAE4 /* ArticlesGalleryView.swift */ = {isa = PBXFileReference; lastKnownFileType = sourcecode.swift; path = ArticlesGalleryView.swift; sourceTree = "<group>"; };
		7644DD012B98AAC100B3EAE4 /* TopPicksGalleryView.swift */ = {isa = PBXFileReference; lastKnownFileType = sourcecode.swift; path = TopPicksGalleryView.swift; sourceTree = "<group>"; };
		7644DD032B98AAD600B3EAE4 /* ArticlesFeedView.swift */ = {isa = PBXFileReference; lastKnownFileType = sourcecode.swift; path = ArticlesFeedView.swift; sourceTree = "<group>"; };
		7644DD052B98AAE900B3EAE4 /* ArticlesErrorView.swift */ = {isa = PBXFileReference; lastKnownFileType = sourcecode.swift; path = ArticlesErrorView.swift; sourceTree = "<group>"; };
		7644DD072B98AB0400B3EAE4 /* ArticleListItemView.swift */ = {isa = PBXFileReference; lastKnownFileType = sourcecode.swift; path = ArticleListItemView.swift; sourceTree = "<group>"; };
		7644DD092B98AB1E00B3EAE4 /* ArticlesGalleryViewModel.swift */ = {isa = PBXFileReference; lastKnownFileType = sourcecode.swift; path = ArticlesGalleryViewModel.swift; sourceTree = "<group>"; };
		7644DD0C2B98AB4C00B3EAE4 /* LearningView.swift */ = {isa = PBXFileReference; lastKnownFileType = sourcecode.swift; path = LearningView.swift; sourceTree = "<group>"; };
		7644DD132B98AB8900B3EAE4 /* ReadArticle.swift */ = {isa = PBXFileReference; lastKnownFileType = sourcecode.swift; path = ReadArticle.swift; sourceTree = "<group>"; };
		7644DD152B98ABEE00B3EAE4 /* EmissionsProfileGalleryView.swift */ = {isa = PBXFileReference; lastKnownFileType = sourcecode.swift; path = EmissionsProfileGalleryView.swift; sourceTree = "<group>"; };
		7644DD172B98AC0A00B3EAE4 /* EmissionsProfileView.swift */ = {isa = PBXFileReference; lastKnownFileType = sourcecode.swift; path = EmissionsProfileView.swift; sourceTree = "<group>"; };
		7644DD192B98AC1C00B3EAE4 /* EmissionsProfileItemView.swift */ = {isa = PBXFileReference; lastKnownFileType = sourcecode.swift; path = EmissionsProfileItemView.swift; sourceTree = "<group>"; };
		7644DD1B2B98AC3000B3EAE4 /* EmissionsProfileView.swift */ = {isa = PBXFileReference; lastKnownFileType = sourcecode.swift; path = EmissionsProfileView.swift; sourceTree = "<group>"; };
		7644DD1D2B98AC5400B3EAE4 /* EmissionsProfileBreakdownView.swift */ = {isa = PBXFileReference; lastKnownFileType = sourcecode.swift; path = EmissionsProfileBreakdownView.swift; sourceTree = "<group>"; };
		7644DD1F2B98ACF100B3EAE4 /* TransportMethodsView.swift */ = {isa = PBXFileReference; lastKnownFileType = sourcecode.swift; path = TransportMethodsView.swift; sourceTree = "<group>"; };
		7644DD212B98AD0800B3EAE4 /* TransportTip.swift */ = {isa = PBXFileReference; lastKnownFileType = sourcecode.swift; path = TransportTip.swift; sourceTree = "<group>"; };
		7644DD232B98AD3100B3EAE4 /* TransportMethodView.swift */ = {isa = PBXFileReference; lastKnownFileType = sourcecode.swift; path = TransportMethodView.swift; sourceTree = "<group>"; };
		7644DD252B98AD5B00B3EAE4 /* TransportMethodOverlayView.swift */ = {isa = PBXFileReference; lastKnownFileType = sourcecode.swift; path = TransportMethodOverlayView.swift; sourceTree = "<group>"; };
		7644DD2A2B98AEF800B3EAE4 /* LevelView.swift */ = {isa = PBXFileReference; lastKnownFileType = sourcecode.swift; path = LevelView.swift; sourceTree = "<group>"; };
		7644DD2C2B98AF1C00B3EAE4 /* LevelXpView.swift */ = {isa = PBXFileReference; lastKnownFileType = sourcecode.swift; path = LevelXpView.swift; sourceTree = "<group>"; };
		7644DD2E2B98AFE300B3EAE4 /* LevelXpItemView.swift */ = {isa = PBXFileReference; lastKnownFileType = sourcecode.swift; path = LevelXpItemView.swift; sourceTree = "<group>"; };
		7644DD302B98AFF900B3EAE4 /* LevelIndicatorView.swift */ = {isa = PBXFileReference; lastKnownFileType = sourcecode.swift; path = LevelIndicatorView.swift; sourceTree = "<group>"; };
		7644DD322B98B00F00B3EAE4 /* LevelProgressView.swift */ = {isa = PBXFileReference; lastKnownFileType = sourcecode.swift; path = LevelProgressView.swift; sourceTree = "<group>"; };
		7644DD342B98B02700B3EAE4 /* LevelTextView.swift */ = {isa = PBXFileReference; lastKnownFileType = sourcecode.swift; path = LevelTextView.swift; sourceTree = "<group>"; };
		7644DD362B98B03900B3EAE4 /* LevelUpView.swift */ = {isa = PBXFileReference; lastKnownFileType = sourcecode.swift; path = LevelUpView.swift; sourceTree = "<group>"; };
		7644DD382B98B04900B3EAE4 /* LevelCounterView.swift */ = {isa = PBXFileReference; lastKnownFileType = sourcecode.swift; path = LevelCounterView.swift; sourceTree = "<group>"; };
		7644DD3A2B98B06100B3EAE4 /* LevelConfettiView.swift */ = {isa = PBXFileReference; lastKnownFileType = sourcecode.swift; path = LevelConfettiView.swift; sourceTree = "<group>"; };
		7644DD3C2B98B06E00B3EAE4 /* LevelViewModel.swift */ = {isa = PBXFileReference; lastKnownFileType = sourcecode.swift; path = LevelViewModel.swift; sourceTree = "<group>"; };
		7644DD3E2B98B07F00B3EAE4 /* LevelUserRibbonView.swift */ = {isa = PBXFileReference; lastKnownFileType = sourcecode.swift; path = LevelUserRibbonView.swift; sourceTree = "<group>"; };
		765FA88F2B91EC3000030EC1 /* Source.swift */ = {isa = PBXFileReference; lastKnownFileType = sourcecode.swift; path = Source.swift; sourceTree = "<group>"; };
		765FA8912B91EC4F00030EC1 /* Details.swift */ = {isa = PBXFileReference; lastKnownFileType = sourcecode.swift; path = Details.swift; sourceTree = "<group>"; };
		765FA8932B91EC8700030EC1 /* SourceLink.swift */ = {isa = PBXFileReference; lastKnownFileType = sourcecode.swift; path = SourceLink.swift; sourceTree = "<group>"; };
		765FA8952B91EC9900030EC1 /* Paragraph.swift */ = {isa = PBXFileReference; lastKnownFileType = sourcecode.swift; path = Paragraph.swift; sourceTree = "<group>"; };
		765FA8972B91ECA600030EC1 /* Article.swift */ = {isa = PBXFileReference; lastKnownFileType = sourcecode.swift; path = Article.swift; sourceTree = "<group>"; };
		765FA8992B91ECBE00030EC1 /* ArticleSource.swift */ = {isa = PBXFileReference; lastKnownFileType = sourcecode.swift; path = ArticleSource.swift; sourceTree = "<group>"; };
		765FA89B2B91ECDB00030EC1 /* Articles.swift */ = {isa = PBXFileReference; lastKnownFileType = sourcecode.swift; path = Articles.swift; sourceTree = "<group>"; };
		765FA89D2B91ECE600030EC1 /* TopPicks.swift */ = {isa = PBXFileReference; lastKnownFileType = sourcecode.swift; path = TopPicks.swift; sourceTree = "<group>"; };
		765FA89F2B91ECEE00030EC1 /* Trivia.swift */ = {isa = PBXFileReference; lastKnownFileType = sourcecode.swift; path = Trivia.swift; sourceTree = "<group>"; };
		765FA8A12B91ED0200030EC1 /* Fact.swift */ = {isa = PBXFileReference; lastKnownFileType = sourcecode.swift; path = Fact.swift; sourceTree = "<group>"; };
		765FA8A52B91ED7500030EC1 /* OnboardingViewModel.swift */ = {isa = PBXFileReference; lastKnownFileType = sourcecode.swift; path = OnboardingViewModel.swift; sourceTree = "<group>"; };
		765FA8A72B91ED9800030EC1 /* OnboardingStartView.swift */ = {isa = PBXFileReference; lastKnownFileType = sourcecode.swift; path = OnboardingStartView.swift; sourceTree = "<group>"; };
		765FA8A92B91EDAD00030EC1 /* OnboardingSignInView.swift */ = {isa = PBXFileReference; lastKnownFileType = sourcecode.swift; path = OnboardingSignInView.swift; sourceTree = "<group>"; };
		765FA8AB2B91EDC300030EC1 /* OnboardingLocationView.swift */ = {isa = PBXFileReference; lastKnownFileType = sourcecode.swift; path = OnboardingLocationView.swift; sourceTree = "<group>"; };
		765FA8AD2B91EDD600030EC1 /* OnboardingNotificationView.swift */ = {isa = PBXFileReference; lastKnownFileType = sourcecode.swift; path = OnboardingNotificationView.swift; sourceTree = "<group>"; };
		765FA8AF2B91EDE600030EC1 /* OnboardingDetailView.swift */ = {isa = PBXFileReference; lastKnownFileType = sourcecode.swift; path = OnboardingDetailView.swift; sourceTree = "<group>"; };
		765FA8B12B91EE2200030EC1 /* PrivateDataManager.swift */ = {isa = PBXFileReference; lastKnownFileType = sourcecode.swift; path = PrivateDataManager.swift; sourceTree = "<group>"; };
		765FA8B32B91EE4600030EC1 /* PublicDataManager.swift */ = {isa = PBXFileReference; lastKnownFileType = sourcecode.swift; path = PublicDataManager.swift; sourceTree = "<group>"; };
		765FA8B52B91EE6300030EC1 /* LevelManager.swift */ = {isa = PBXFileReference; lastKnownFileType = sourcecode.swift; path = LevelManager.swift; sourceTree = "<group>"; };
		768FAAB72B93AB3A00DE4127 /* README.md */ = {isa = PBXFileReference; lastKnownFileType = net.daringfireball.markdown; path = README.md; sourceTree = "<group>"; };
		76E306C82B69578700112552 /* EmissionIQ.app */ = {isa = PBXFileReference; explicitFileType = wrapper.application; includeInIndex = 0; path = EmissionIQ.app; sourceTree = BUILT_PRODUCTS_DIR; };
		76E306CB2B69578700112552 /* EmissionIQApp.swift */ = {isa = PBXFileReference; lastKnownFileType = sourcecode.swift; path = EmissionIQApp.swift; sourceTree = "<group>"; };
		76E306CD2B69578700112552 /* ContentView.swift */ = {isa = PBXFileReference; lastKnownFileType = sourcecode.swift; path = ContentView.swift; sourceTree = "<group>"; };
		76E306CF2B69578800112552 /* Assets.xcassets */ = {isa = PBXFileReference; lastKnownFileType = folder.assetcatalog; path = Assets.xcassets; sourceTree = "<group>"; };
		76E306D12B69578800112552 /* EmissionIQ.entitlements */ = {isa = PBXFileReference; lastKnownFileType = text.plist.entitlements; path = EmissionIQ.entitlements; sourceTree = "<group>"; };
		76E306D32B69578800112552 /* Preview Assets.xcassets */ = {isa = PBXFileReference; lastKnownFileType = folder.assetcatalog; path = "Preview Assets.xcassets"; sourceTree = "<group>"; };
		76E306DA2B6957A500112552 /* .gitignore */ = {isa = PBXFileReference; fileEncoding = 4; lastKnownFileType = text; path = .gitignore; sourceTree = "<group>"; };
		76E306DC2B69580D00112552 /* Config.xcconfig */ = {isa = PBXFileReference; lastKnownFileType = text.xcconfig; path = Config.xcconfig; sourceTree = "<group>"; };
		76E306DD2B69583C00112552 /* Info.plist */ = {isa = PBXFileReference; lastKnownFileType = text.plist.xml; path = Info.plist; sourceTree = "<group>"; };
		76F875142B88F2ED000EA3D7 /* DateExtension.swift */ = {isa = PBXFileReference; lastKnownFileType = sourcecode.swift; path = DateExtension.swift; sourceTree = "<group>"; };
		76F875162B88F34E000EA3D7 /* RoundedSheet.swift */ = {isa = PBXFileReference; lastKnownFileType = sourcecode.swift; path = RoundedSheet.swift; sourceTree = "<group>"; };
		76F875192B88F39C000EA3D7 /* Gold.usdz */ = {isa = PBXFileReference; lastKnownFileType = file.usdz; path = Gold.usdz; sourceTree = "<group>"; };
		76F8751A2B88F39C000EA3D7 /* Silver.usdz */ = {isa = PBXFileReference; lastKnownFileType = file.usdz; path = Silver.usdz; sourceTree = "<group>"; };
		76F8751B2B88F39C000EA3D7 /* Bronze.usdz */ = {isa = PBXFileReference; lastKnownFileType = file.usdz; path = Bronze.usdz; sourceTree = "<group>"; };
		76F8751F2B88F41F000EA3D7 /* WavyRectangle.swift */ = {isa = PBXFileReference; lastKnownFileType = sourcecode.swift; path = WavyRectangle.swift; sourceTree = "<group>"; };
		76F875212B88F42F000EA3D7 /* Ribbon.swift */ = {isa = PBXFileReference; lastKnownFileType = sourcecode.swift; path = Ribbon.swift; sourceTree = "<group>"; };
		76F875232B88F44B000EA3D7 /* WebView.swift */ = {isa = PBXFileReference; lastKnownFileType = sourcecode.swift; path = WebView.swift; sourceTree = "<group>"; };
		76F875272B88F4A6000EA3D7 /* GlassEffectView.swift */ = {isa = PBXFileReference; lastKnownFileType = sourcecode.swift; path = GlassEffectView.swift; sourceTree = "<group>"; };
		76F875292B88F4C8000EA3D7 /* GalleryHeaderView.swift */ = {isa = PBXFileReference; lastKnownFileType = sourcecode.swift; path = GalleryHeaderView.swift; sourceTree = "<group>"; };
		76F8752B2B88F4E7000EA3D7 /* PageHeaderView.swift */ = {isa = PBXFileReference; lastKnownFileType = sourcecode.swift; path = PageHeaderView.swift; sourceTree = "<group>"; };
		76F8752D2B88F50D000EA3D7 /* ReusableButtonView.swift */ = {isa = PBXFileReference; lastKnownFileType = sourcecode.swift; path = ReusableButtonView.swift; sourceTree = "<group>"; };
		76F8752F2B88F52B000EA3D7 /* ReusableErrorView.swift */ = {isa = PBXFileReference; lastKnownFileType = sourcecode.swift; path = ReusableErrorView.swift; sourceTree = "<group>"; };
		76F875312B88F53E000EA3D7 /* LoadingView.swift */ = {isa = PBXFileReference; lastKnownFileType = sourcecode.swift; path = LoadingView.swift; sourceTree = "<group>"; };
		76F875342B88F610000EA3D7 /* facts.json */ = {isa = PBXFileReference; fileEncoding = 4; lastKnownFileType = text.json; path = facts.json; sourceTree = "<group>"; };
		76F875352B88F610000EA3D7 /* trivia.json */ = {isa = PBXFileReference; fileEncoding = 4; lastKnownFileType = text.json; path = trivia.json; sourceTree = "<group>"; };
		76F875382B88F62A000EA3D7 /* sources.json */ = {isa = PBXFileReference; lastKnownFileType = text.json; path = sources.json; sourceTree = "<group>"; };
		76F8753A2B88F647000EA3D7 /* topPicks.json */ = {isa = PBXFileReference; lastKnownFileType = text.json; path = topPicks.json; sourceTree = "<group>"; };
/* End PBXFileReference section */

/* Begin PBXFrameworksBuildPhase section */
		76E306C52B69578700112552 /* Frameworks */ = {
			isa = PBXFrameworksBuildPhase;
			buildActionMask = 2147483647;
			files = (
				76FF34B62B7FA26B00101092 /* Vortex in Frameworks */,
			);
			runOnlyForDeploymentPostprocessing = 0;
		};
/* End PBXFrameworksBuildPhase section */

/* Begin PBXGroup section */
		76087BA72B8BD4FB005C2431 /* Environment */ = {
			isa = PBXGroup;
			children = (
				76087BAE2B8BD5C7005C2431 /* LocationManager.swift */,
				76087BB02B8BD5D1005C2431 /* NotificationManager.swift */,
				765FA8B12B91EE2200030EC1 /* PrivateDataManager.swift */,
				765FA8B32B91EE4600030EC1 /* PublicDataManager.swift */,
				765FA8B52B91EE6300030EC1 /* LevelManager.swift */,
				7644DC7F2B98930B00B3EAE4 /* TrophyManager.swift */,
			);
			path = Environment;
			sourceTree = "<group>";
		};
		76087BA82B8BD555005C2431 /* Home */ = {
			isa = PBXGroup;
			children = (
				7644DC842B9893BF00B3EAE4 /* Views */,
			);
			path = Home;
			sourceTree = "<group>";
		};
		76087BA92B8BD562005C2431 /* Journeys */ = {
			isa = PBXGroup;
			children = (
			);
			path = Journeys;
			sourceTree = "<group>";
		};
		76087BAA2B8BD566005C2431 /* Trophies */ = {
			isa = PBXGroup;
			children = (
				7644DCCD2B98A6EA00B3EAE4 /* Views */,
				7644DCCE2B98A6EE00B3EAE4 /* ViewModels */,
				7644DCDD2B98A78A00B3EAE4 /* Models */,
			);
			path = Trophies;
			sourceTree = "<group>";
		};
		76087BAB2B8BD56B005C2431 /* Leaderboards */ = {
			isa = PBXGroup;
			children = (
			);
			path = Leaderboards;
			sourceTree = "<group>";
		};
		76087BAC2B8BD571005C2431 /* Learning */ = {
			isa = PBXGroup;
			children = (
				7644DD0B2B98AB4200B3EAE4 /* Views */,
			);
			path = Learning;
			sourceTree = "<group>";
		};
		76087BAD2B8BD593005C2431 /* Onboarding */ = {
			isa = PBXGroup;
			children = (
				765FA8A32B91ED5B00030EC1 /* Views */,
				765FA8A42B91ED6100030EC1 /* ViewModels */,
			);
			path = Onboarding;
			sourceTree = "<group>";
		};
		761A88492B97DD3500F85ABB /* Tips */ = {
			isa = PBXGroup;
			children = (
				761A88522B97DFCF00F85ABB /* TriviaTip.swift */,
				761A88542B97DFE800F85ABB /* StatsGraphTip.swift */,
				761A88562B97E00900F85ABB /* StatsOverviewTip.swift */,
				761A88582B97E02E00F85ABB /* JourneyReturnTip.swift */,
				761A885A2B97E04D00F85ABB /* EmissionsProfileTip.swift */,
				7644DD212B98AD0800B3EAE4 /* TransportTip.swift */,
			);
			path = Tips;
			sourceTree = "<group>";
		};
		761A885C2B97E08200F85ABB /* Navigation */ = {
			isa = PBXGroup;
			children = (
				7644DC832B98934400B3EAE4 /* Views */,
			);
			path = Navigation;
			sourceTree = "<group>";
		};
		763274B82B7D3FDD00257FD2 /* View Modifiers */ = {
			isa = PBXGroup;
			children = (
				76F875162B88F34E000EA3D7 /* RoundedSheet.swift */,
				76087B992B8BD469005C2431 /* ListSectionTag.swift */,
				76087B9B2B8BD47B005C2431 /* LocationTextField.swift */,
				76087B9F2B8BD49B005C2431 /* ChartTitle.swift */,
				76087BA12B8BD4AB005C2431 /* ConditionalContainerRelativeFrame.swift */,
				76087BA32B8BD4BB005C2431 /* ConditionalPadding.swift */,
				76087BA52B8BD4D0005C2431 /* ConditionalContentMargins.swift */,
				761A884C2B97DE1100F85ABB /* ConditionalScrollTargetBehaviour.swift */,
				761A884A2B97DDC000F85ABB /* MacModifier.swift */,
			);
			path = "View Modifiers";
			sourceTree = "<group>";
		};
		763274B92B7D3FEF00257FD2 /* Extensions */ = {
			isa = PBXGroup;
			children = (
				76F875142B88F2ED000EA3D7 /* DateExtension.swift */,
				761A884E2B97DE3A00F85ABB /* UIScreen.swift */,
				761A88502B97DE4B00F85ABB /* UIWindow.swift */,
				7644DCCB2B98A6B800B3EAE4 /* JourneyExtension.swift */,
			);
			path = Extensions;
			sourceTree = "<group>";
		};
		763274BA2B7D3FFE00257FD2 /* Structs */ = {
			isa = PBXGroup;
			children = (
				76F8751F2B88F41F000EA3D7 /* WavyRectangle.swift */,
				76F875212B88F42F000EA3D7 /* Ribbon.swift */,
				76F875232B88F44B000EA3D7 /* WebView.swift */,
				765FA88F2B91EC3000030EC1 /* Source.swift */,
				765FA8912B91EC4F00030EC1 /* Details.swift */,
				765FA8932B91EC8700030EC1 /* SourceLink.swift */,
				765FA8952B91EC9900030EC1 /* Paragraph.swift */,
				765FA8972B91ECA600030EC1 /* Article.swift */,
				765FA8992B91ECBE00030EC1 /* ArticleSource.swift */,
				765FA89B2B91ECDB00030EC1 /* Articles.swift */,
				765FA89D2B91ECE600030EC1 /* TopPicks.swift */,
				765FA89F2B91ECEE00030EC1 /* Trivia.swift */,
				765FA8A12B91ED0200030EC1 /* Fact.swift */,
			);
			path = Structs;
			sourceTree = "<group>";
		};
		763274BB2B7D401A00257FD2 /* Modules */ = {
			isa = PBXGroup;
			children = (
				7644DD272B98ADB800B3EAE4 /* Levels */,
				7644DD0E2B98AB5A00B3EAE4 /* Emissions Profile */,
				7644DCE42B98A83D00B3EAE4 /* Sources */,
				7644DCE32B98A83800B3EAE4 /* Articles */,
				7644DCE22B98A83300B3EAE4 /* Facts */,
				7644DC8C2B98945900B3EAE4 /* Quick Actions */,
				7644DC882B98942300B3EAE4 /* Trivia */,
				7644DC862B9893F800B3EAE4 /* Statistics */,
				7644DC872B98941200B3EAE4 /* Carbon Impact */,
				7644DC892B98942900B3EAE4 /* Carbon Output */,
				76087BAD2B8BD593005C2431 /* Onboarding */,
				761A885C2B97E08200F85ABB /* Navigation */,
				76087BA82B8BD555005C2431 /* Home */,
				76087BA92B8BD562005C2431 /* Journeys */,
				76087BAA2B8BD566005C2431 /* Trophies */,
				76087BAB2B8BD56B005C2431 /* Leaderboards */,
				76087BAC2B8BD571005C2431 /* Learning */,
				76F875252B88F489000EA3D7 /* Reusable Components */,
			);
			path = Modules;
			sourceTree = "<group>";
		};
		763274BC2B7D405500257FD2 /* Resources */ = {
			isa = PBXGroup;
			children = (
				76F875332B88F5D3000EA3D7 /* Data Sources */,
				76F875182B88F39C000EA3D7 /* 3D Models */,
				76E306CF2B69578800112552 /* Assets.xcassets */,
			);
			path = Resources;
			sourceTree = "<group>";
		};
		763274BD2B7D408200257FD2 /* Configuration */ = {
			isa = PBXGroup;
			children = (
				76E306DC2B69580D00112552 /* Config.xcconfig */,
			);
			path = Configuration;
			sourceTree = "<group>";
		};
		763274BE2B7D409E00257FD2 /* Supporting Files */ = {
			isa = PBXGroup;
			children = (
				76E306CB2B69578700112552 /* EmissionIQApp.swift */,
				76E306CD2B69578700112552 /* ContentView.swift */,
			);
			path = "Supporting Files";
			sourceTree = "<group>";
		};
		7644DC832B98934400B3EAE4 /* Views */ = {
			isa = PBXGroup;
			children = (
				7644DC812B98934100B3EAE4 /* NavView.swift */,
			);
			path = Views;
			sourceTree = "<group>";
		};
		7644DC842B9893BF00B3EAE4 /* Views */ = {
			isa = PBXGroup;
			children = (
				7644DC8A2B98943800B3EAE4 /* HomeView.swift */,
			);
			path = Views;
			sourceTree = "<group>";
		};
		7644DC862B9893F800B3EAE4 /* Statistics */ = {
			isa = PBXGroup;
			children = (
				7644DCAF2B9897BD00B3EAE4 /* Views */,
				7644DCB02B9897C200B3EAE4 /* ViewModels */,
			);
			path = Statistics;
			sourceTree = "<group>";
		};
		7644DC872B98941200B3EAE4 /* Carbon Impact */ = {
			isa = PBXGroup;
			children = (
				7644DC9B2B9895D200B3EAE4 /* Views */,
				7644DC9C2B9895D800B3EAE4 /* ViewModels */,
			);
			path = "Carbon Impact";
			sourceTree = "<group>";
		};
		7644DC882B98942300B3EAE4 /* Trivia */ = {
			isa = PBXGroup;
			children = (
				7644DCA52B98969A00B3EAE4 /* Views */,
				7644DCA62B98969E00B3EAE4 /* ViewModels */,
			);
			path = Trivia;
			sourceTree = "<group>";
		};
		7644DC892B98942900B3EAE4 /* Carbon Output */ = {
			isa = PBXGroup;
			children = (
				7644DC932B98954F00B3EAE4 /* Views */,
				7644DC942B98955300B3EAE4 /* ViewModels */,
			);
			path = "Carbon Output";
			sourceTree = "<group>";
		};
		7644DC8C2B98945900B3EAE4 /* Quick Actions */ = {
			isa = PBXGroup;
			children = (
				7644DC922B98951400B3EAE4 /* Views */,
			);
			path = "Quick Actions";
			sourceTree = "<group>";
		};
		7644DC922B98951400B3EAE4 /* Views */ = {
			isa = PBXGroup;
			children = (
				7644DC8E2B9894A600B3EAE4 /* QuickActionView.swift */,
				7644DC902B9894C200B3EAE4 /* QuickActionGalleryView.swift */,
			);
			path = Views;
			sourceTree = "<group>";
		};
		7644DC932B98954F00B3EAE4 /* Views */ = {
			isa = PBXGroup;
			children = (
				7644DC952B98956900B3EAE4 /* CarbonOutputHeaderView.swift */,
				7644DC972B98957F00B3EAE4 /* CarbonOutputValueView.swift */,
			);
			path = Views;
			sourceTree = "<group>";
		};
		7644DC942B98955300B3EAE4 /* ViewModels */ = {
			isa = PBXGroup;
			children = (
				7644DC992B98959800B3EAE4 /* CarbonOutputViewModel.swift */,
			);
			path = ViewModels;
			sourceTree = "<group>";
		};
		7644DC9B2B9895D200B3EAE4 /* Views */ = {
			isa = PBXGroup;
			children = (
				7644DC9D2B9895EE00B3EAE4 /* ImpactListView.swift */,
				7644DC9F2B98960B00B3EAE4 /* ImpactGalleryView.swift */,
				7644DCA12B98961F00B3EAE4 /* ImpactListItemView.swift */,
			);
			path = Views;
			sourceTree = "<group>";
		};
		7644DC9C2B9895D800B3EAE4 /* ViewModels */ = {
			isa = PBXGroup;
			children = (
				7644DCA32B98963800B3EAE4 /* ImpactViewModel.swift */,
			);
			path = ViewModels;
			sourceTree = "<group>";
		};
		7644DCA52B98969A00B3EAE4 /* Views */ = {
			isa = PBXGroup;
			children = (
				7644DCA72B9896B700B3EAE4 /* TriviaGalleryView.swift */,
				7644DCA92B9896FF00B3EAE4 /* TriviaItemView.swift */,
				7644DCAB2B98972600B3EAE4 /* TriviaDetailView.swift */,
			);
			path = Views;
			sourceTree = "<group>";
		};
		7644DCA62B98969E00B3EAE4 /* ViewModels */ = {
			isa = PBXGroup;
			children = (
				7644DCAD2B98974000B3EAE4 /* TriviaViewModel.swift */,
			);
			path = ViewModels;
			sourceTree = "<group>";
		};
		7644DCAF2B9897BD00B3EAE4 /* Views */ = {
			isa = PBXGroup;
			children = (
				7644DCB12B9897E800B3EAE4 /* StatsView.swift */,
				7644DCB32B9897F700B3EAE4 /* StatsTabView.swift */,
				7644DCB52B98981800B3EAE4 /* StatsProfileView.swift */,
				7644DCB72B98984300B3EAE4 /* StatsGridView.swift */,
				7644DCB92B98986800B3EAE4 /* StatsItemView.swift */,
				7644DCBB2B98987D00B3EAE4 /* StatsGraphView.swift */,
				7644DCBD2B98988E00B3EAE4 /* StatsGraphOverlayView.swift */,
				7644DCC52B9898FC00B3EAE4 /* StatsPieView.swift */,
				7644DCC72B98991A00B3EAE4 /* StatsPieOverlayView.swift */,
				7644DCC92B98992C00B3EAE4 /* StatsGalleryView.swift */,
			);
			path = Views;
			sourceTree = "<group>";
		};
		7644DCB02B9897C200B3EAE4 /* ViewModels */ = {
			isa = PBXGroup;
			children = (
				7644DCC12B9898CD00B3EAE4 /* StatsViewModel.swift */,
				7644DCBF2B9898B300B3EAE4 /* StatsGraphViewModel.swift */,
				7644DCC32B9898E400B3EAE4 /* StatsPieViewModel.swift */,
			);
			path = ViewModels;
			sourceTree = "<group>";
		};
		7644DCCD2B98A6EA00B3EAE4 /* Views */ = {
			isa = PBXGroup;
			children = (
				7644DCCF2B98A6FC00B3EAE4 /* TrophiesView.swift */,
				7644DCD12B98A71200B3EAE4 /* TrophyView.swift */,
				7644DCD32B98A72B00B3EAE4 /* TrophyListItemView.swift */,
				7644DCD52B98A73E00B3EAE4 /* TrophyUnlockedView.swift */,
				7644DCD72B98A75200B3EAE4 /* TrophyLockedView.swift */,
				7644DCD92B98A76800B3EAE4 /* TrophyDisplayView.swift */,
				7644DCDB2B98A77B00B3EAE4 /* TrophyAchievedView.swift */,
			);
			path = Views;
			sourceTree = "<group>";
		};
		7644DCCE2B98A6EE00B3EAE4 /* ViewModels */ = {
			isa = PBXGroup;
			children = (
				7644DCDE2B98A7A900B3EAE4 /* TrophiesViewModel.swift */,
			);
			path = ViewModels;
			sourceTree = "<group>";
		};
		7644DCDD2B98A78A00B3EAE4 /* Models */ = {
			isa = PBXGroup;
			children = (
				7644DCE02B98A7DD00B3EAE4 /* Trophy.swift */,
			);
			path = Models;
			sourceTree = "<group>";
		};
		7644DCE22B98A83300B3EAE4 /* Facts */ = {
			isa = PBXGroup;
			children = (
				7644DCE62B98A85100B3EAE4 /* Views */,
				7644DCE52B98A84B00B3EAE4 /* ViewModels */,
			);
			path = Facts;
			sourceTree = "<group>";
		};
		7644DCE32B98A83800B3EAE4 /* Articles */ = {
			isa = PBXGroup;
			children = (
				7644DCFD2B98AA9300B3EAE4 /* Views */,
				7644DCFE2B98AA9800B3EAE4 /* ViewModels */,
				7644DD122B98AB7200B3EAE4 /* Models */,
			);
			path = Articles;
			sourceTree = "<group>";
		};
		7644DCE42B98A83D00B3EAE4 /* Sources */ = {
			isa = PBXGroup;
			children = (
				7644DCED2B98A8A700B3EAE4 /* Views */,
				7644DCEE2B98A8AD00B3EAE4 /* ViewModels */,
			);
			path = Sources;
			sourceTree = "<group>";
		};
		7644DCE52B98A84B00B3EAE4 /* ViewModels */ = {
			isa = PBXGroup;
			children = (
				7644DCEB2B98A88900B3EAE4 /* FactViewModel.swift */,
			);
			path = ViewModels;
			sourceTree = "<group>";
		};
		7644DCE62B98A85100B3EAE4 /* Views */ = {
			isa = PBXGroup;
			children = (
				7644DCE72B98A85900B3EAE4 /* FactGalleryView.swift */,
				7644DCE92B98A87300B3EAE4 /* FactView.swift */,
			);
			path = Views;
			sourceTree = "<group>";
		};
		7644DCED2B98A8A700B3EAE4 /* Views */ = {
			isa = PBXGroup;
			children = (
				7644DCEF2B98A8BE00B3EAE4 /* SourcesGalleryView.swift */,
				7644DCF32B98A91200B3EAE4 /* SourcesFeedView.swift */,
				7644DCF12B98A8EB00B3EAE4 /* SourceTypeListItemView.swift */,
				7644DCF52B98A92A00B3EAE4 /* SourceView.swift */,
				7644DCF72B98A94300B3EAE4 /* SourceDetailsView.swift */,
				7644DCF92B98A95C00B3EAE4 /* SourceLinksView.swift */,
			);
			path = Views;
			sourceTree = "<group>";
		};
		7644DCEE2B98A8AD00B3EAE4 /* ViewModels */ = {
			isa = PBXGroup;
			children = (
				7644DCFB2B98A97200B3EAE4 /* SourcesViewModel.swift */,
			);
			path = ViewModels;
			sourceTree = "<group>";
		};
		7644DCFD2B98AA9300B3EAE4 /* Views */ = {
			isa = PBXGroup;
			children = (
				7644DCFF2B98AAAB00B3EAE4 /* ArticlesGalleryView.swift */,
				7644DD012B98AAC100B3EAE4 /* TopPicksGalleryView.swift */,
				7644DD032B98AAD600B3EAE4 /* ArticlesFeedView.swift */,
				7644DD072B98AB0400B3EAE4 /* ArticleListItemView.swift */,
				7644DD052B98AAE900B3EAE4 /* ArticlesErrorView.swift */,
			);
			path = Views;
			sourceTree = "<group>";
		};
		7644DCFE2B98AA9800B3EAE4 /* ViewModels */ = {
			isa = PBXGroup;
			children = (
				7644DD092B98AB1E00B3EAE4 /* ArticlesGalleryViewModel.swift */,
			);
			path = ViewModels;
			sourceTree = "<group>";
		};
		7644DD0B2B98AB4200B3EAE4 /* Views */ = {
			isa = PBXGroup;
			children = (
				7644DD0C2B98AB4C00B3EAE4 /* LearningView.swift */,
			);
			path = Views;
			sourceTree = "<group>";
		};
		7644DD0E2B98AB5A00B3EAE4 /* Emissions Profile */ = {
			isa = PBXGroup;
			children = (
				7644DD0F2B98AB5F00B3EAE4 /* Views */,
				7644DD102B98AB6400B3EAE4 /* ViewModels */,
			);
			path = "Emissions Profile";
			sourceTree = "<group>";
		};
		7644DD0F2B98AB5F00B3EAE4 /* Views */ = {
			isa = PBXGroup;
			children = (
				7644DD152B98ABEE00B3EAE4 /* EmissionsProfileGalleryView.swift */,
				7644DD172B98AC0A00B3EAE4 /* EmissionsProfileView.swift */,
				7644DD192B98AC1C00B3EAE4 /* EmissionsProfileItemView.swift */,
				7644DD1D2B98AC5400B3EAE4 /* EmissionsProfileBreakdownView.swift */,
				7644DD1F2B98ACF100B3EAE4 /* TransportMethodsView.swift */,
				7644DD232B98AD3100B3EAE4 /* TransportMethodView.swift */,
				7644DD252B98AD5B00B3EAE4 /* TransportMethodOverlayView.swift */,
			);
			path = Views;
			sourceTree = "<group>";
		};
		7644DD102B98AB6400B3EAE4 /* ViewModels */ = {
			isa = PBXGroup;
			children = (
				7644DD1B2B98AC3000B3EAE4 /* EmissionsProfileView.swift */,
			);
			path = ViewModels;
			sourceTree = "<group>";
		};
		7644DD122B98AB7200B3EAE4 /* Models */ = {
			isa = PBXGroup;
			children = (
				7644DD132B98AB8900B3EAE4 /* ReadArticle.swift */,
			);
			path = Models;
			sourceTree = "<group>";
		};
		7644DD272B98ADB800B3EAE4 /* Levels */ = {
			isa = PBXGroup;
			children = (
				7644DD282B98ADBD00B3EAE4 /* Views */,
				7644DD292B98ADC200B3EAE4 /* ViewModels */,
			);
			path = Levels;
			sourceTree = "<group>";
		};
		7644DD282B98ADBD00B3EAE4 /* Views */ = {
			isa = PBXGroup;
			children = (
				7644DD2A2B98AEF800B3EAE4 /* LevelView.swift */,
				7644DD2C2B98AF1C00B3EAE4 /* LevelXpView.swift */,
				7644DD2E2B98AFE300B3EAE4 /* LevelXpItemView.swift */,
				7644DD302B98AFF900B3EAE4 /* LevelIndicatorView.swift */,
				7644DD322B98B00F00B3EAE4 /* LevelProgressView.swift */,
				7644DD342B98B02700B3EAE4 /* LevelTextView.swift */,
				7644DD362B98B03900B3EAE4 /* LevelUpView.swift */,
				7644DD382B98B04900B3EAE4 /* LevelCounterView.swift */,
				7644DD3A2B98B06100B3EAE4 /* LevelConfettiView.swift */,
				7644DD3E2B98B07F00B3EAE4 /* LevelUserRibbonView.swift */,
			);
			path = Views;
			sourceTree = "<group>";
		};
		7644DD292B98ADC200B3EAE4 /* ViewModels */ = {
			isa = PBXGroup;
			children = (
				7644DD3C2B98B06E00B3EAE4 /* LevelViewModel.swift */,
			);
			path = ViewModels;
			sourceTree = "<group>";
		};
		765FA8A32B91ED5B00030EC1 /* Views */ = {
			isa = PBXGroup;
			children = (
				765FA8A72B91ED9800030EC1 /* OnboardingStartView.swift */,
				765FA8A92B91EDAD00030EC1 /* OnboardingSignInView.swift */,
				765FA8AB2B91EDC300030EC1 /* OnboardingLocationView.swift */,
				765FA8AD2B91EDD600030EC1 /* OnboardingNotificationView.swift */,
				765FA8AF2B91EDE600030EC1 /* OnboardingDetailView.swift */,
			);
			path = Views;
			sourceTree = "<group>";
		};
		765FA8A42B91ED6100030EC1 /* ViewModels */ = {
			isa = PBXGroup;
			children = (
				765FA8A52B91ED7500030EC1 /* OnboardingViewModel.swift */,
			);
			path = ViewModels;
			sourceTree = "<group>";
		};
		76E306BF2B69578700112552 = {
			isa = PBXGroup;
			children = (
				768FAAB72B93AB3A00DE4127 /* README.md */,
				76E306DA2B6957A500112552 /* .gitignore */,
				76E306CA2B69578700112552 /* EmissionIQ */,
				76E306C92B69578700112552 /* Products */,
			);
			sourceTree = "<group>";
		};
		76E306C92B69578700112552 /* Products */ = {
			isa = PBXGroup;
			children = (
				76E306C82B69578700112552 /* EmissionIQ.app */,
			);
			name = Products;
			sourceTree = "<group>";
		};
		76E306CA2B69578700112552 /* EmissionIQ */ = {
			isa = PBXGroup;
			children = (
				76E306DD2B69583C00112552 /* Info.plist */,
				76E306D12B69578800112552 /* EmissionIQ.entitlements */,
				763274BD2B7D408200257FD2 /* Configuration */,
				763274B82B7D3FDD00257FD2 /* View Modifiers */,
				763274B92B7D3FEF00257FD2 /* Extensions */,
				763274BA2B7D3FFE00257FD2 /* Structs */,
				761A88492B97DD3500F85ABB /* Tips */,
				76087BA72B8BD4FB005C2431 /* Environment */,
				763274BB2B7D401A00257FD2 /* Modules */,
				763274BC2B7D405500257FD2 /* Resources */,
				763274BE2B7D409E00257FD2 /* Supporting Files */,
				76E306D22B69578800112552 /* Preview Content */,
			);
			path = EmissionIQ;
			sourceTree = "<group>";
		};
		76E306D22B69578800112552 /* Preview Content */ = {
			isa = PBXGroup;
			children = (
				76E306D32B69578800112552 /* Preview Assets.xcassets */,
			);
			path = "Preview Content";
			sourceTree = "<group>";
		};
		76F875182B88F39C000EA3D7 /* 3D Models */ = {
			isa = PBXGroup;
			children = (
				76F875192B88F39C000EA3D7 /* Gold.usdz */,
				76F8751A2B88F39C000EA3D7 /* Silver.usdz */,
				76F8751B2B88F39C000EA3D7 /* Bronze.usdz */,
			);
			path = "3D Models";
			sourceTree = "<group>";
		};
		76F875252B88F489000EA3D7 /* Reusable Components */ = {
			isa = PBXGroup;
			children = (
				76F875262B88F48F000EA3D7 /* Views */,
			);
			path = "Reusable Components";
			sourceTree = "<group>";
		};
		76F875262B88F48F000EA3D7 /* Views */ = {
			isa = PBXGroup;
			children = (
				76F875272B88F4A6000EA3D7 /* GlassEffectView.swift */,
				76F875292B88F4C8000EA3D7 /* GalleryHeaderView.swift */,
				76F8752B2B88F4E7000EA3D7 /* PageHeaderView.swift */,
				76F8752D2B88F50D000EA3D7 /* ReusableButtonView.swift */,
				76F8752F2B88F52B000EA3D7 /* ReusableErrorView.swift */,
				76F875312B88F53E000EA3D7 /* LoadingView.swift */,
				7644DC7D2B98900F00B3EAE4 /* PeelEffectView.swift */,
			);
			path = Views;
			sourceTree = "<group>";
		};
		76F875332B88F5D3000EA3D7 /* Data Sources */ = {
			isa = PBXGroup;
			children = (
				76F875342B88F610000EA3D7 /* facts.json */,
				76F875352B88F610000EA3D7 /* trivia.json */,
				76F875382B88F62A000EA3D7 /* sources.json */,
				76F8753A2B88F647000EA3D7 /* topPicks.json */,
			);
			path = "Data Sources";
			sourceTree = "<group>";
		};
/* End PBXGroup section */

/* Begin PBXNativeTarget section */
		76E306C72B69578700112552 /* EmissionIQ */ = {
			isa = PBXNativeTarget;
			buildConfigurationList = 76E306D72B69578800112552 /* Build configuration list for PBXNativeTarget "EmissionIQ" */;
			buildPhases = (
				76E306C42B69578700112552 /* Sources */,
				76E306C52B69578700112552 /* Frameworks */,
				76E306C62B69578700112552 /* Resources */,
			);
			buildRules = (
			);
			dependencies = (
			);
			name = EmissionIQ;
			packageProductDependencies = (
				76FF34B52B7FA26B00101092 /* Vortex */,
			);
			productName = EmissionIQ;
			productReference = 76E306C82B69578700112552 /* EmissionIQ.app */;
			productType = "com.apple.product-type.application";
		};
/* End PBXNativeTarget section */

/* Begin PBXProject section */
		76E306C02B69578700112552 /* Project object */ = {
			isa = PBXProject;
			attributes = {
				BuildIndependentTargetsInParallel = 1;
				LastSwiftUpdateCheck = 1500;
				LastUpgradeCheck = 1500;
				TargetAttributes = {
					76E306C72B69578700112552 = {
						CreatedOnToolsVersion = 15.0;
					};
				};
			};
			buildConfigurationList = 76E306C32B69578700112552 /* Build configuration list for PBXProject "EmissionIQ" */;
			compatibilityVersion = "Xcode 14.0";
			developmentRegion = en;
			hasScannedForEncodings = 0;
			knownRegions = (
				en,
				Base,
			);
			mainGroup = 76E306BF2B69578700112552;
			packageReferences = (
				76FF34B42B7FA26B00101092 /* XCRemoteSwiftPackageReference "Vortex" */,
			);
			productRefGroup = 76E306C92B69578700112552 /* Products */;
			projectDirPath = "";
			projectRoot = "";
			targets = (
				76E306C72B69578700112552 /* EmissionIQ */,
			);
		};
/* End PBXProject section */

/* Begin PBXResourcesBuildPhase section */
		76E306C62B69578700112552 /* Resources */ = {
			isa = PBXResourcesBuildPhase;
			buildActionMask = 2147483647;
			files = (
				76F875362B88F610000EA3D7 /* facts.json in Resources */,
				76F875392B88F634000EA3D7 /* sources.json in Resources */,
				76F8751D2B88F39C000EA3D7 /* Silver.usdz in Resources */,
				76F875372B88F610000EA3D7 /* trivia.json in Resources */,
				76F8751E2B88F39C000EA3D7 /* Bronze.usdz in Resources */,
				76E306D42B69578800112552 /* Preview Assets.xcassets in Resources */,
				76F8753B2B88F652000EA3D7 /* topPicks.json in Resources */,
				76E306DB2B6957A500112552 /* .gitignore in Resources */,
				76E306D02B69578800112552 /* Assets.xcassets in Resources */,
				76F8751C2B88F39C000EA3D7 /* Gold.usdz in Resources */,
			);
			runOnlyForDeploymentPostprocessing = 0;
		};
/* End PBXResourcesBuildPhase section */

/* Begin PBXSourcesBuildPhase section */
		76E306C42B69578700112552 /* Sources */ = {
			isa = PBXSourcesBuildPhase;
			buildActionMask = 2147483647;
			files = (
				765FA89C2B91ECDB00030EC1 /* Articles.swift in Sources */,
				7644DCF02B98A8BE00B3EAE4 /* SourcesGalleryView.swift in Sources */,
				765FA8982B91ECA600030EC1 /* Article.swift in Sources */,
				7644DC7E2B98900F00B3EAE4 /* PeelEffectView.swift in Sources */,
				76E306CE2B69578700112552 /* ContentView.swift in Sources */,
				7644DCE12B98A7DD00B3EAE4 /* Trophy.swift in Sources */,
				7644DCA82B9896B700B3EAE4 /* TriviaGalleryView.swift in Sources */,
				7644DC9A2B98959800B3EAE4 /* CarbonOutputViewModel.swift in Sources */,
				765FA8B82B91F25400030EC1 /* PrivateDataManager.swift in Sources */,
				765FA8AC2B91EDC300030EC1 /* OnboardingLocationView.swift in Sources */,
				7644DCB82B98984300B3EAE4 /* StatsGridView.swift in Sources */,
				7644DD3B2B98B06100B3EAE4 /* LevelConfettiView.swift in Sources */,
				7644DCAA2B9896FF00B3EAE4 /* TriviaItemView.swift in Sources */,
				7644DD0A2B98AB1E00B3EAE4 /* ArticlesGalleryViewModel.swift in Sources */,
				7644DCD22B98A71200B3EAE4 /* TrophyView.swift in Sources */,
				7644DCCC2B98A6B800B3EAE4 /* JourneyExtension.swift in Sources */,
				7644DCF82B98A94300B3EAE4 /* SourceDetailsView.swift in Sources */,
				765FA8A82B91ED9800030EC1 /* OnboardingStartView.swift in Sources */,
				7644DCDC2B98A77B00B3EAE4 /* TrophyAchievedView.swift in Sources */,
				765FA8A62B91ED7500030EC1 /* OnboardingViewModel.swift in Sources */,
				7644DD222B98AD0800B3EAE4 /* TransportTip.swift in Sources */,
				7644DD242B98AD3100B3EAE4 /* TransportMethodView.swift in Sources */,
				7644DCFC2B98A97200B3EAE4 /* SourcesViewModel.swift in Sources */,
				76F875152B88F2ED000EA3D7 /* DateExtension.swift in Sources */,
				7644DC962B98956900B3EAE4 /* CarbonOutputHeaderView.swift in Sources */,
				7644DD392B98B04900B3EAE4 /* LevelCounterView.swift in Sources */,
				7644DD142B98AB8900B3EAE4 /* ReadArticle.swift in Sources */,
				7644DD332B98B00F00B3EAE4 /* LevelProgressView.swift in Sources */,
				7644DCC82B98991A00B3EAE4 /* StatsPieOverlayView.swift in Sources */,
				76087B9A2B8BD469005C2431 /* ListSectionTag.swift in Sources */,
				7644DD062B98AAE900B3EAE4 /* ArticlesErrorView.swift in Sources */,
				765FA8B62B91EE6300030EC1 /* LevelManager.swift in Sources */,
				76F8752A2B88F4C8000EA3D7 /* GalleryHeaderView.swift in Sources */,
				7644DD3F2B98B07F00B3EAE4 /* LevelUserRibbonView.swift in Sources */,
				765FA8902B91EC3000030EC1 /* Source.swift in Sources */,
				7644DD2B2B98AEF800B3EAE4 /* LevelView.swift in Sources */,
				76F875282B88F4A6000EA3D7 /* GlassEffectView.swift in Sources */,
				7644DCB22B9897E800B3EAE4 /* StatsView.swift in Sources */,
				7644DCA22B98961F00B3EAE4 /* ImpactListItemView.swift in Sources */,
				7644DD082B98AB0400B3EAE4 /* ArticleListItemView.swift in Sources */,
				7644DD3D2B98B06E00B3EAE4 /* LevelViewModel.swift in Sources */,
				76E306CC2B69578700112552 /* EmissionIQApp.swift in Sources */,
				7644DD372B98B03900B3EAE4 /* LevelUpView.swift in Sources */,
				7644DCD42B98A72B00B3EAE4 /* TrophyListItemView.swift in Sources */,
				765FA8922B91EC4F00030EC1 /* Details.swift in Sources */,
				761A88512B97DE4B00F85ABB /* UIWindow.swift in Sources */,
				7644DCBA2B98986800B3EAE4 /* StatsItemView.swift in Sources */,
				7644DCC22B9898CD00B3EAE4 /* StatsViewModel.swift in Sources */,
				7644DCEC2B98A88900B3EAE4 /* FactViewModel.swift in Sources */,
				765FA89E2B91ECE600030EC1 /* TopPicks.swift in Sources */,
				7644DCAC2B98972600B3EAE4 /* TriviaDetailView.swift in Sources */,
				7644DD262B98AD5B00B3EAE4 /* TransportMethodOverlayView.swift in Sources */,
				76087BA42B8BD4BB005C2431 /* ConditionalPadding.swift in Sources */,
				765FA8942B91EC8700030EC1 /* SourceLink.swift in Sources */,
				7644DCF22B98A8EB00B3EAE4 /* SourceTypeListItemView.swift in Sources */,
				76087BA22B8BD4AB005C2431 /* ConditionalContainerRelativeFrame.swift in Sources */,
				7644DCDA2B98A76800B3EAE4 /* TrophyDisplayView.swift in Sources */,
				7644DD182B98AC0A00B3EAE4 /* EmissionsProfileView.swift in Sources */,
				7644DCAE2B98974000B3EAE4 /* TriviaViewModel.swift in Sources */,
				765FA89A2B91ECBE00030EC1 /* ArticleSource.swift in Sources */,
				7644DCD62B98A73E00B3EAE4 /* TrophyUnlockedView.swift in Sources */,
				7644DCB62B98981800B3EAE4 /* StatsProfileView.swift in Sources */,
				7644DC822B98934100B3EAE4 /* NavView.swift in Sources */,
				7644DCA42B98963800B3EAE4 /* ImpactViewModel.swift in Sources */,
				76F875222B88F42F000EA3D7 /* Ribbon.swift in Sources */,
				7644DD002B98AAAB00B3EAE4 /* ArticlesGalleryView.swift in Sources */,
				7644DC9E2B9895EE00B3EAE4 /* ImpactListView.swift in Sources */,
				7644DCB42B9897F700B3EAE4 /* StatsTabView.swift in Sources */,
				76F8752C2B88F4E7000EA3D7 /* PageHeaderView.swift in Sources */,
				7644DCEA2B98A87300B3EAE4 /* FactView.swift in Sources */,
				765FA8B72B91F24F00030EC1 /* NotificationManager.swift in Sources */,
				7644DC8F2B9894A600B3EAE4 /* QuickActionView.swift in Sources */,
				7644DD202B98ACF100B3EAE4 /* TransportMethodsView.swift in Sources */,
				7644DD2D2B98AF1C00B3EAE4 /* LevelXpView.swift in Sources */,
				7644DD1A2B98AC1C00B3EAE4 /* EmissionsProfileItemView.swift in Sources */,
				76F875202B88F41F000EA3D7 /* WavyRectangle.swift in Sources */,
				7644DCC42B9898E400B3EAE4 /* StatsPieViewModel.swift in Sources */,
				761A884F2B97DE3A00F85ABB /* UIScreen.swift in Sources */,
				7644DCBC2B98987D00B3EAE4 /* StatsGraphView.swift in Sources */,
				76F8752E2B88F50D000EA3D7 /* ReusableButtonView.swift in Sources */,
				765FA8B02B91EDE600030EC1 /* OnboardingDetailView.swift in Sources */,
				7644DCC62B9898FC00B3EAE4 /* StatsPieView.swift in Sources */,
				761A88532B97DFCF00F85ABB /* TriviaTip.swift in Sources */,
				7644DCA02B98960B00B3EAE4 /* ImpactGalleryView.swift in Sources */,
				7644DCDF2B98A7A900B3EAE4 /* TrophiesViewModel.swift in Sources */,
				7644DD042B98AAD600B3EAE4 /* ArticlesFeedView.swift in Sources */,
				76F875172B88F34E000EA3D7 /* RoundedSheet.swift in Sources */,
				76F875302B88F52B000EA3D7 /* ReusableErrorView.swift in Sources */,
				7644DD162B98ABEE00B3EAE4 /* EmissionsProfileGalleryView.swift in Sources */,
				7644DCF42B98A91200B3EAE4 /* SourcesFeedView.swift in Sources */,
				765FA8A02B91ECEE00030EC1 /* Trivia.swift in Sources */,
				765FA8AA2B91EDAD00030EC1 /* OnboardingSignInView.swift in Sources */,
				7644DCBE2B98988E00B3EAE4 /* StatsGraphOverlayView.swift in Sources */,
				7644DCE82B98A85900B3EAE4 /* FactGalleryView.swift in Sources */,
				7644DC982B98957F00B3EAE4 /* CarbonOutputValueView.swift in Sources */,
				7644DD352B98B02700B3EAE4 /* LevelTextView.swift in Sources */,
				7644DCFA2B98A95C00B3EAE4 /* SourceLinksView.swift in Sources */,
				761A884D2B97DE1100F85ABB /* ConditionalScrollTargetBehaviour.swift in Sources */,
				761A88572B97E00900F85ABB /* StatsOverviewTip.swift in Sources */,
				761A885B2B97E04D00F85ABB /* EmissionsProfileTip.swift in Sources */,
				761A88552B97DFE800F85ABB /* StatsGraphTip.swift in Sources */,
				76F875322B88F53E000EA3D7 /* LoadingView.swift in Sources */,
				7644DCD02B98A6FC00B3EAE4 /* TrophiesView.swift in Sources */,
				7644DD1C2B98AC3000B3EAE4 /* EmissionsProfileView.swift in Sources */,
				7644DC912B9894C200B3EAE4 /* QuickActionGalleryView.swift in Sources */,
				7644DD2F2B98AFE300B3EAE4 /* LevelXpItemView.swift in Sources */,
				765FA8A22B91ED0200030EC1 /* Fact.swift in Sources */,
				76F875242B88F44B000EA3D7 /* WebView.swift in Sources */,
				76087B9C2B8BD47B005C2431 /* LocationTextField.swift in Sources */,
				761A884B2B97DDC000F85ABB /* MacModifier.swift in Sources */,
				765FA8B42B91EE4600030EC1 /* PublicDataManager.swift in Sources */,
				7644DCC02B9898B300B3EAE4 /* StatsGraphViewModel.swift in Sources */,
				7644DCD82B98A75200B3EAE4 /* TrophyLockedView.swift in Sources */,
				7644DC802B98930B00B3EAE4 /* TrophyManager.swift in Sources */,
				7644DD312B98AFF900B3EAE4 /* LevelIndicatorView.swift in Sources */,
				7644DCF62B98A92A00B3EAE4 /* SourceView.swift in Sources */,
				761A88592B97E02E00F85ABB /* JourneyReturnTip.swift in Sources */,
				76087BAF2B8BD5C7005C2431 /* LocationManager.swift in Sources */,
				7644DD0D2B98AB4C00B3EAE4 /* LearningView.swift in Sources */,
				7644DC8B2B98943800B3EAE4 /* HomeView.swift in Sources */,
				7644DD1E2B98AC5400B3EAE4 /* EmissionsProfileBreakdownView.swift in Sources */,
				765FA8AE2B91EDD600030EC1 /* OnboardingNotificationView.swift in Sources */,
				7644DCCA2B98992C00B3EAE4 /* StatsGalleryView.swift in Sources */,
				765FA8962B91EC9900030EC1 /* Paragraph.swift in Sources */,
				76087BA02B8BD49B005C2431 /* ChartTitle.swift in Sources */,
				7644DD022B98AAC100B3EAE4 /* TopPicksGalleryView.swift in Sources */,
				76087BA62B8BD4D0005C2431 /* ConditionalContentMargins.swift in Sources */,
			);
			runOnlyForDeploymentPostprocessing = 0;
		};
/* End PBXSourcesBuildPhase section */

/* Begin XCBuildConfiguration section */
		76E306D52B69578800112552 /* Debug */ = {
			isa = XCBuildConfiguration;
			buildSettings = {
				ALWAYS_SEARCH_USER_PATHS = NO;
				ASSETCATALOG_COMPILER_GENERATE_SWIFT_ASSET_SYMBOL_EXTENSIONS = YES;
				CLANG_ANALYZER_NONNULL = YES;
				CLANG_ANALYZER_NUMBER_OBJECT_CONVERSION = YES_AGGRESSIVE;
				CLANG_CXX_LANGUAGE_STANDARD = "gnu++20";
				CLANG_ENABLE_MODULES = YES;
				CLANG_ENABLE_OBJC_ARC = YES;
				CLANG_ENABLE_OBJC_WEAK = YES;
				CLANG_WARN_BLOCK_CAPTURE_AUTORELEASING = YES;
				CLANG_WARN_BOOL_CONVERSION = YES;
				CLANG_WARN_COMMA = YES;
				CLANG_WARN_CONSTANT_CONVERSION = YES;
				CLANG_WARN_DEPRECATED_OBJC_IMPLEMENTATIONS = YES;
				CLANG_WARN_DIRECT_OBJC_ISA_USAGE = YES_ERROR;
				CLANG_WARN_DOCUMENTATION_COMMENTS = YES;
				CLANG_WARN_EMPTY_BODY = YES;
				CLANG_WARN_ENUM_CONVERSION = YES;
				CLANG_WARN_INFINITE_RECURSION = YES;
				CLANG_WARN_INT_CONVERSION = YES;
				CLANG_WARN_NON_LITERAL_NULL_CONVERSION = YES;
				CLANG_WARN_OBJC_IMPLICIT_RETAIN_SELF = YES;
				CLANG_WARN_OBJC_LITERAL_CONVERSION = YES;
				CLANG_WARN_OBJC_ROOT_CLASS = YES_ERROR;
				CLANG_WARN_QUOTED_INCLUDE_IN_FRAMEWORK_HEADER = YES;
				CLANG_WARN_RANGE_LOOP_ANALYSIS = YES;
				CLANG_WARN_STRICT_PROTOTYPES = YES;
				CLANG_WARN_SUSPICIOUS_MOVE = YES;
				CLANG_WARN_UNGUARDED_AVAILABILITY = YES_AGGRESSIVE;
				CLANG_WARN_UNREACHABLE_CODE = YES;
				CLANG_WARN__DUPLICATE_METHOD_MATCH = YES;
				COPY_PHASE_STRIP = NO;
				DEBUG_INFORMATION_FORMAT = dwarf;
				ENABLE_STRICT_OBJC_MSGSEND = YES;
				ENABLE_TESTABILITY = YES;
				ENABLE_USER_SCRIPT_SANDBOXING = YES;
				GCC_C_LANGUAGE_STANDARD = gnu17;
				GCC_DYNAMIC_NO_PIC = NO;
				GCC_NO_COMMON_BLOCKS = YES;
				GCC_OPTIMIZATION_LEVEL = 0;
				GCC_PREPROCESSOR_DEFINITIONS = (
					"DEBUG=1",
					"$(inherited)",
				);
				GCC_WARN_64_TO_32_BIT_CONVERSION = YES;
				GCC_WARN_ABOUT_RETURN_TYPE = YES_ERROR;
				GCC_WARN_UNDECLARED_SELECTOR = YES;
				GCC_WARN_UNINITIALIZED_AUTOS = YES_AGGRESSIVE;
				GCC_WARN_UNUSED_FUNCTION = YES;
				GCC_WARN_UNUSED_VARIABLE = YES;
				LOCALIZATION_PREFERS_STRING_CATALOGS = YES;
				MTL_ENABLE_DEBUG_INFO = INCLUDE_SOURCE;
				MTL_FAST_MATH = YES;
				ONLY_ACTIVE_ARCH = YES;
				SWIFT_ACTIVE_COMPILATION_CONDITIONS = "DEBUG $(inherited)";
				SWIFT_OPTIMIZATION_LEVEL = "-Onone";
			};
			name = Debug;
		};
		76E306D62B69578800112552 /* Release */ = {
			isa = XCBuildConfiguration;
			buildSettings = {
				ALWAYS_SEARCH_USER_PATHS = NO;
				ASSETCATALOG_COMPILER_GENERATE_SWIFT_ASSET_SYMBOL_EXTENSIONS = YES;
				CLANG_ANALYZER_NONNULL = YES;
				CLANG_ANALYZER_NUMBER_OBJECT_CONVERSION = YES_AGGRESSIVE;
				CLANG_CXX_LANGUAGE_STANDARD = "gnu++20";
				CLANG_ENABLE_MODULES = YES;
				CLANG_ENABLE_OBJC_ARC = YES;
				CLANG_ENABLE_OBJC_WEAK = YES;
				CLANG_WARN_BLOCK_CAPTURE_AUTORELEASING = YES;
				CLANG_WARN_BOOL_CONVERSION = YES;
				CLANG_WARN_COMMA = YES;
				CLANG_WARN_CONSTANT_CONVERSION = YES;
				CLANG_WARN_DEPRECATED_OBJC_IMPLEMENTATIONS = YES;
				CLANG_WARN_DIRECT_OBJC_ISA_USAGE = YES_ERROR;
				CLANG_WARN_DOCUMENTATION_COMMENTS = YES;
				CLANG_WARN_EMPTY_BODY = YES;
				CLANG_WARN_ENUM_CONVERSION = YES;
				CLANG_WARN_INFINITE_RECURSION = YES;
				CLANG_WARN_INT_CONVERSION = YES;
				CLANG_WARN_NON_LITERAL_NULL_CONVERSION = YES;
				CLANG_WARN_OBJC_IMPLICIT_RETAIN_SELF = YES;
				CLANG_WARN_OBJC_LITERAL_CONVERSION = YES;
				CLANG_WARN_OBJC_ROOT_CLASS = YES_ERROR;
				CLANG_WARN_QUOTED_INCLUDE_IN_FRAMEWORK_HEADER = YES;
				CLANG_WARN_RANGE_LOOP_ANALYSIS = YES;
				CLANG_WARN_STRICT_PROTOTYPES = YES;
				CLANG_WARN_SUSPICIOUS_MOVE = YES;
				CLANG_WARN_UNGUARDED_AVAILABILITY = YES_AGGRESSIVE;
				CLANG_WARN_UNREACHABLE_CODE = YES;
				CLANG_WARN__DUPLICATE_METHOD_MATCH = YES;
				COPY_PHASE_STRIP = NO;
				DEBUG_INFORMATION_FORMAT = "dwarf-with-dsym";
				ENABLE_NS_ASSERTIONS = NO;
				ENABLE_STRICT_OBJC_MSGSEND = YES;
				ENABLE_USER_SCRIPT_SANDBOXING = YES;
				GCC_C_LANGUAGE_STANDARD = gnu17;
				GCC_NO_COMMON_BLOCKS = YES;
				GCC_WARN_64_TO_32_BIT_CONVERSION = YES;
				GCC_WARN_ABOUT_RETURN_TYPE = YES_ERROR;
				GCC_WARN_UNDECLARED_SELECTOR = YES;
				GCC_WARN_UNINITIALIZED_AUTOS = YES_AGGRESSIVE;
				GCC_WARN_UNUSED_FUNCTION = YES;
				GCC_WARN_UNUSED_VARIABLE = YES;
				LOCALIZATION_PREFERS_STRING_CATALOGS = YES;
				MTL_ENABLE_DEBUG_INFO = NO;
				MTL_FAST_MATH = YES;
				SWIFT_COMPILATION_MODE = wholemodule;
			};
			name = Release;
		};
		76E306D82B69578800112552 /* Debug */ = {
			isa = XCBuildConfiguration;
			baseConfigurationReference = 76E306DC2B69580D00112552 /* Config.xcconfig */;
			buildSettings = {
				ASSETCATALOG_COMPILER_APPICON_NAME = AppIcon;
				ASSETCATALOG_COMPILER_GLOBAL_ACCENT_COLOR_NAME = AccentColor;
				CODE_SIGN_ENTITLEMENTS = EmissionIQ/EmissionIQ.entitlements;
				CODE_SIGN_STYLE = Automatic;
				CURRENT_PROJECT_VERSION = 1;
				DEVELOPMENT_ASSET_PATHS = "\"EmissionIQ/Preview Content\"";
				DEVELOPMENT_TEAM = W8974D23AK;
				ENABLE_HARDENED_RUNTIME = YES;
				ENABLE_PREVIEWS = YES;
				GENERATE_INFOPLIST_FILE = YES;
				INFOPLIST_FILE = EmissionIQ/Info.plist;
				INFOPLIST_KEY_CFBundleDisplayName = EmissionIQ;
				INFOPLIST_KEY_LSApplicationCategoryType = "public.app-category.education";
				INFOPLIST_KEY_NSLocationWhenInUseUsageDescription = "This app uses your location to provide accurate routing for your journeys!";
				"INFOPLIST_KEY_UIApplicationSceneManifest_Generation[sdk=iphoneos*]" = YES;
				"INFOPLIST_KEY_UIApplicationSceneManifest_Generation[sdk=iphonesimulator*]" = YES;
				"INFOPLIST_KEY_UIApplicationSupportsIndirectInputEvents[sdk=iphoneos*]" = YES;
				"INFOPLIST_KEY_UIApplicationSupportsIndirectInputEvents[sdk=iphonesimulator*]" = YES;
				"INFOPLIST_KEY_UILaunchScreen_Generation[sdk=iphoneos*]" = YES;
				"INFOPLIST_KEY_UILaunchScreen_Generation[sdk=iphonesimulator*]" = YES;
				"INFOPLIST_KEY_UIStatusBarStyle[sdk=iphoneos*]" = UIStatusBarStyleDefault;
				"INFOPLIST_KEY_UIStatusBarStyle[sdk=iphonesimulator*]" = UIStatusBarStyleDefault;
				INFOPLIST_KEY_UISupportedInterfaceOrientations = UIInterfaceOrientationPortrait;
				INFOPLIST_KEY_UISupportedInterfaceOrientations_iPad = "UIInterfaceOrientationLandscapeLeft UIInterfaceOrientationLandscapeRight UIInterfaceOrientationPortrait UIInterfaceOrientationPortraitUpsideDown";
				IPHONEOS_DEPLOYMENT_TARGET = 17.0;
				LD_RUNPATH_SEARCH_PATHS = "@executable_path/Frameworks";
				"LD_RUNPATH_SEARCH_PATHS[sdk=macosx*]" = "@executable_path/../Frameworks";
				MACOSX_DEPLOYMENT_TARGET = 14.0;
				MARKETING_VERSION = 1.0;
				PRODUCT_BUNDLE_IDENTIFIER = matt54633.EmissionIQ;
				PRODUCT_NAME = "$(TARGET_NAME)";
				SDKROOT = auto;
				SUPPORTED_PLATFORMS = "iphoneos iphonesimulator";
				SUPPORTS_MACCATALYST = YES;
				SUPPORTS_MAC_DESIGNED_FOR_IPHONE_IPAD = NO;
				SWIFT_EMIT_LOC_STRINGS = YES;
				SWIFT_VERSION = 5.0;
				TARGETED_DEVICE_FAMILY = "1,2";
			};
			name = Debug;
		};
		76E306D92B69578800112552 /* Release */ = {
			isa = XCBuildConfiguration;
			baseConfigurationReference = 76E306DC2B69580D00112552 /* Config.xcconfig */;
			buildSettings = {
				ASSETCATALOG_COMPILER_APPICON_NAME = AppIcon;
				ASSETCATALOG_COMPILER_GLOBAL_ACCENT_COLOR_NAME = AccentColor;
				CODE_SIGN_ENTITLEMENTS = EmissionIQ/EmissionIQ.entitlements;
				CODE_SIGN_STYLE = Automatic;
				CURRENT_PROJECT_VERSION = 1;
				DEVELOPMENT_ASSET_PATHS = "\"EmissionIQ/Preview Content\"";
				DEVELOPMENT_TEAM = W8974D23AK;
				ENABLE_HARDENED_RUNTIME = YES;
				ENABLE_PREVIEWS = YES;
				GENERATE_INFOPLIST_FILE = YES;
				INFOPLIST_FILE = EmissionIQ/Info.plist;
				INFOPLIST_KEY_CFBundleDisplayName = EmissionIQ;
				INFOPLIST_KEY_LSApplicationCategoryType = "public.app-category.education";
				INFOPLIST_KEY_NSLocationWhenInUseUsageDescription = "This app uses your location to provide accurate routing for your journeys!";
				"INFOPLIST_KEY_UIApplicationSceneManifest_Generation[sdk=iphoneos*]" = YES;
				"INFOPLIST_KEY_UIApplicationSceneManifest_Generation[sdk=iphonesimulator*]" = YES;
				"INFOPLIST_KEY_UIApplicationSupportsIndirectInputEvents[sdk=iphoneos*]" = YES;
				"INFOPLIST_KEY_UIApplicationSupportsIndirectInputEvents[sdk=iphonesimulator*]" = YES;
				"INFOPLIST_KEY_UILaunchScreen_Generation[sdk=iphoneos*]" = YES;
				"INFOPLIST_KEY_UILaunchScreen_Generation[sdk=iphonesimulator*]" = YES;
				"INFOPLIST_KEY_UIStatusBarStyle[sdk=iphoneos*]" = UIStatusBarStyleDefault;
				"INFOPLIST_KEY_UIStatusBarStyle[sdk=iphonesimulator*]" = UIStatusBarStyleDefault;
				INFOPLIST_KEY_UISupportedInterfaceOrientations = UIInterfaceOrientationPortrait;
				INFOPLIST_KEY_UISupportedInterfaceOrientations_iPad = "UIInterfaceOrientationLandscapeLeft UIInterfaceOrientationLandscapeRight UIInterfaceOrientationPortrait UIInterfaceOrientationPortraitUpsideDown";
				IPHONEOS_DEPLOYMENT_TARGET = 17.0;
				LD_RUNPATH_SEARCH_PATHS = "@executable_path/Frameworks";
				"LD_RUNPATH_SEARCH_PATHS[sdk=macosx*]" = "@executable_path/../Frameworks";
				MACOSX_DEPLOYMENT_TARGET = 14.0;
				MARKETING_VERSION = 1.0;
				PRODUCT_BUNDLE_IDENTIFIER = matt54633.EmissionIQ;
				PRODUCT_NAME = "$(TARGET_NAME)";
				SDKROOT = auto;
				SUPPORTED_PLATFORMS = "iphoneos iphonesimulator";
				SUPPORTS_MACCATALYST = YES;
				SUPPORTS_MAC_DESIGNED_FOR_IPHONE_IPAD = NO;
				SWIFT_EMIT_LOC_STRINGS = YES;
				SWIFT_VERSION = 5.0;
				TARGETED_DEVICE_FAMILY = "1,2";
			};
			name = Release;
		};
/* End XCBuildConfiguration section */

/* Begin XCConfigurationList section */
		76E306C32B69578700112552 /* Build configuration list for PBXProject "EmissionIQ" */ = {
			isa = XCConfigurationList;
			buildConfigurations = (
				76E306D52B69578800112552 /* Debug */,
				76E306D62B69578800112552 /* Release */,
			);
			defaultConfigurationIsVisible = 0;
			defaultConfigurationName = Release;
		};
		76E306D72B69578800112552 /* Build configuration list for PBXNativeTarget "EmissionIQ" */ = {
			isa = XCConfigurationList;
			buildConfigurations = (
				76E306D82B69578800112552 /* Debug */,
				76E306D92B69578800112552 /* Release */,
			);
			defaultConfigurationIsVisible = 0;
			defaultConfigurationName = Release;
		};
/* End XCConfigurationList section */

/* Begin XCRemoteSwiftPackageReference section */
		76FF34B42B7FA26B00101092 /* XCRemoteSwiftPackageReference "Vortex" */ = {
			isa = XCRemoteSwiftPackageReference;
			repositoryURL = "https://github.com/twostraws/Vortex";
			requirement = {
				kind = upToNextMajorVersion;
				minimumVersion = 1.0.0;
			};
		};
/* End XCRemoteSwiftPackageReference section */

/* Begin XCSwiftPackageProductDependency section */
		76FF34B52B7FA26B00101092 /* Vortex */ = {
			isa = XCSwiftPackageProductDependency;
			package = 76FF34B42B7FA26B00101092 /* XCRemoteSwiftPackageReference "Vortex" */;
			productName = Vortex;
		};
/* End XCSwiftPackageProductDependency section */
	};
	rootObject = 76E306C02B69578700112552 /* Project object */;
}
