// !$*UTF8*$!
{
	archiveVersion = 1;
	classes = {
	};
	objectVersion = 56;
	objects = {

/* Begin PBXBuildFile section */
		76087B9A2B8BD469005C2431 /* ListSectionTag.swift in Sources */ = {isa = PBXBuildFile; fileRef = 76087B992B8BD469005C2431 /* ListSectionTag.swift */; };
		76087B9C2B8BD47B005C2431 /* LocationTextField.swift in Sources */ = {isa = PBXBuildFile; fileRef = 76087B9B2B8BD47B005C2431 /* LocationTextField.swift */; };
		76087BA02B8BD49B005C2431 /* ChartTitle.swift in Sources */ = {isa = PBXBuildFile; fileRef = 76087B9F2B8BD49B005C2431 /* ChartTitle.swift */; };
		76087BA22B8BD4AB005C2431 /* ConditionalContainerRelativeFrame.swift in Sources */ = {isa = PBXBuildFile; fileRef = 76087BA12B8BD4AB005C2431 /* ConditionalContainerRelativeFrame.swift */; };
		76087BA42B8BD4BB005C2431 /* ConditionalPadding.swift in Sources */ = {isa = PBXBuildFile; fileRef = 76087BA32B8BD4BB005C2431 /* ConditionalPadding.swift */; };
		76087BA62B8BD4D0005C2431 /* ConditionalContentMargins.swift in Sources */ = {isa = PBXBuildFile; fileRef = 76087BA52B8BD4D0005C2431 /* ConditionalContentMargins.swift */; };
		76087BAF2B8BD5C7005C2431 /* LocationManager.swift in Sources */ = {isa = PBXBuildFile; fileRef = 76087BAE2B8BD5C7005C2431 /* LocationManager.swift */; };
		765FA8902B91EC3000030EC1 /* Source.swift in Sources */ = {isa = PBXBuildFile; fileRef = 765FA88F2B91EC3000030EC1 /* Source.swift */; };
		765FA8922B91EC4F00030EC1 /* Details.swift in Sources */ = {isa = PBXBuildFile; fileRef = 765FA8912B91EC4F00030EC1 /* Details.swift */; };
		765FA8942B91EC8700030EC1 /* SourceLink.swift in Sources */ = {isa = PBXBuildFile; fileRef = 765FA8932B91EC8700030EC1 /* SourceLink.swift */; };
		765FA8962B91EC9900030EC1 /* Paragraph.swift in Sources */ = {isa = PBXBuildFile; fileRef = 765FA8952B91EC9900030EC1 /* Paragraph.swift */; };
		765FA8982B91ECA600030EC1 /* Article.swift in Sources */ = {isa = PBXBuildFile; fileRef = 765FA8972B91ECA600030EC1 /* Article.swift */; };
		765FA89A2B91ECBE00030EC1 /* ArticleSource.swift in Sources */ = {isa = PBXBuildFile; fileRef = 765FA8992B91ECBE00030EC1 /* ArticleSource.swift */; };
		765FA89C2B91ECDB00030EC1 /* Articles.swift in Sources */ = {isa = PBXBuildFile; fileRef = 765FA89B2B91ECDB00030EC1 /* Articles.swift */; };
		765FA89E2B91ECE600030EC1 /* TopPicks.swift in Sources */ = {isa = PBXBuildFile; fileRef = 765FA89D2B91ECE600030EC1 /* TopPicks.swift */; };
		765FA8A02B91ECEE00030EC1 /* Trivia.swift in Sources */ = {isa = PBXBuildFile; fileRef = 765FA89F2B91ECEE00030EC1 /* Trivia.swift */; };
		765FA8A22B91ED0200030EC1 /* Fact.swift in Sources */ = {isa = PBXBuildFile; fileRef = 765FA8A12B91ED0200030EC1 /* Fact.swift */; };
		765FA8A62B91ED7500030EC1 /* OnboardingViewModel.swift in Sources */ = {isa = PBXBuildFile; fileRef = 765FA8A52B91ED7500030EC1 /* OnboardingViewModel.swift */; };
		765FA8A82B91ED9800030EC1 /* OnboardingStartView.swift in Sources */ = {isa = PBXBuildFile; fileRef = 765FA8A72B91ED9800030EC1 /* OnboardingStartView.swift */; };
		765FA8AA2B91EDAD00030EC1 /* OnboardingSignInView.swift in Sources */ = {isa = PBXBuildFile; fileRef = 765FA8A92B91EDAD00030EC1 /* OnboardingSignInView.swift */; };
		765FA8AC2B91EDC300030EC1 /* OnboardingLocationView.swift in Sources */ = {isa = PBXBuildFile; fileRef = 765FA8AB2B91EDC300030EC1 /* OnboardingLocationView.swift */; };
		765FA8AE2B91EDD600030EC1 /* OnboardingNotificationView.swift in Sources */ = {isa = PBXBuildFile; fileRef = 765FA8AD2B91EDD600030EC1 /* OnboardingNotificationView.swift */; };
		765FA8B02B91EDE600030EC1 /* OnboardingDetailView.swift in Sources */ = {isa = PBXBuildFile; fileRef = 765FA8AF2B91EDE600030EC1 /* OnboardingDetailView.swift */; };
		765FA8B42B91EE4600030EC1 /* PublicDataManager.swift in Sources */ = {isa = PBXBuildFile; fileRef = 765FA8B32B91EE4600030EC1 /* PublicDataManager.swift */; };
		765FA8B62B91EE6300030EC1 /* LevelManager.swift in Sources */ = {isa = PBXBuildFile; fileRef = 765FA8B52B91EE6300030EC1 /* LevelManager.swift */; };
		765FA8B72B91F24F00030EC1 /* NotificationManager.swift in Sources */ = {isa = PBXBuildFile; fileRef = 76087BB02B8BD5D1005C2431 /* NotificationManager.swift */; };
		765FA8B82B91F25400030EC1 /* PrivateDataManager.swift in Sources */ = {isa = PBXBuildFile; fileRef = 765FA8B12B91EE2200030EC1 /* PrivateDataManager.swift */; };
		76E306CC2B69578700112552 /* EmissionIQApp.swift in Sources */ = {isa = PBXBuildFile; fileRef = 76E306CB2B69578700112552 /* EmissionIQApp.swift */; };
		76E306CE2B69578700112552 /* ContentView.swift in Sources */ = {isa = PBXBuildFile; fileRef = 76E306CD2B69578700112552 /* ContentView.swift */; };
		76E306D02B69578800112552 /* Assets.xcassets in Resources */ = {isa = PBXBuildFile; fileRef = 76E306CF2B69578800112552 /* Assets.xcassets */; };
		76E306D42B69578800112552 /* Preview Assets.xcassets in Resources */ = {isa = PBXBuildFile; fileRef = 76E306D32B69578800112552 /* Preview Assets.xcassets */; };
		76E306DB2B6957A500112552 /* .gitignore in Resources */ = {isa = PBXBuildFile; fileRef = 76E306DA2B6957A500112552 /* .gitignore */; };
		76F875152B88F2ED000EA3D7 /* DateExtension.swift in Sources */ = {isa = PBXBuildFile; fileRef = 76F875142B88F2ED000EA3D7 /* DateExtension.swift */; };
		76F875172B88F34E000EA3D7 /* RoundedSheet.swift in Sources */ = {isa = PBXBuildFile; fileRef = 76F875162B88F34E000EA3D7 /* RoundedSheet.swift */; };
		76F8751C2B88F39C000EA3D7 /* Gold.usdz in Resources */ = {isa = PBXBuildFile; fileRef = 76F875192B88F39C000EA3D7 /* Gold.usdz */; };
		76F8751D2B88F39C000EA3D7 /* Silver.usdz in Resources */ = {isa = PBXBuildFile; fileRef = 76F8751A2B88F39C000EA3D7 /* Silver.usdz */; };
		76F8751E2B88F39C000EA3D7 /* Bronze.usdz in Resources */ = {isa = PBXBuildFile; fileRef = 76F8751B2B88F39C000EA3D7 /* Bronze.usdz */; };
		76F875202B88F41F000EA3D7 /* WavyRectangle.swift in Sources */ = {isa = PBXBuildFile; fileRef = 76F8751F2B88F41F000EA3D7 /* WavyRectangle.swift */; };
		76F875222B88F42F000EA3D7 /* Ribbon.swift in Sources */ = {isa = PBXBuildFile; fileRef = 76F875212B88F42F000EA3D7 /* Ribbon.swift */; };
		76F875242B88F44B000EA3D7 /* WebView.swift in Sources */ = {isa = PBXBuildFile; fileRef = 76F875232B88F44B000EA3D7 /* WebView.swift */; };
		76F875282B88F4A6000EA3D7 /* GlassEffectView.swift in Sources */ = {isa = PBXBuildFile; fileRef = 76F875272B88F4A6000EA3D7 /* GlassEffectView.swift */; };
		76F8752A2B88F4C8000EA3D7 /* GalleryHeaderView.swift in Sources */ = {isa = PBXBuildFile; fileRef = 76F875292B88F4C8000EA3D7 /* GalleryHeaderView.swift */; };
		76F8752C2B88F4E7000EA3D7 /* PageHeaderView.swift in Sources */ = {isa = PBXBuildFile; fileRef = 76F8752B2B88F4E7000EA3D7 /* PageHeaderView.swift */; };
		76F8752E2B88F50D000EA3D7 /* ReusableButtonView.swift in Sources */ = {isa = PBXBuildFile; fileRef = 76F8752D2B88F50D000EA3D7 /* ReusableButtonView.swift */; };
		76F875302B88F52B000EA3D7 /* ReusableErrorView.swift in Sources */ = {isa = PBXBuildFile; fileRef = 76F8752F2B88F52B000EA3D7 /* ReusableErrorView.swift */; };
		76F875322B88F53E000EA3D7 /* LoadingView.swift in Sources */ = {isa = PBXBuildFile; fileRef = 76F875312B88F53E000EA3D7 /* LoadingView.swift */; };
		76F875362B88F610000EA3D7 /* facts.json in Resources */ = {isa = PBXBuildFile; fileRef = 76F875342B88F610000EA3D7 /* facts.json */; };
		76F875372B88F610000EA3D7 /* trivia.json in Resources */ = {isa = PBXBuildFile; fileRef = 76F875352B88F610000EA3D7 /* trivia.json */; };
		76F875392B88F634000EA3D7 /* sources.json in Resources */ = {isa = PBXBuildFile; fileRef = 76F875382B88F62A000EA3D7 /* sources.json */; };
		76F8753B2B88F652000EA3D7 /* topPicks.json in Resources */ = {isa = PBXBuildFile; fileRef = 76F8753A2B88F647000EA3D7 /* topPicks.json */; };
		76FF34B62B7FA26B00101092 /* Vortex in Frameworks */ = {isa = PBXBuildFile; productRef = 76FF34B52B7FA26B00101092 /* Vortex */; };
/* End PBXBuildFile section */

/* Begin PBXFileReference section */
		76087B992B8BD469005C2431 /* ListSectionTag.swift */ = {isa = PBXFileReference; lastKnownFileType = sourcecode.swift; path = ListSectionTag.swift; sourceTree = "<group>"; };
		76087B9B2B8BD47B005C2431 /* LocationTextField.swift */ = {isa = PBXFileReference; lastKnownFileType = sourcecode.swift; path = LocationTextField.swift; sourceTree = "<group>"; };
		76087B9F2B8BD49B005C2431 /* ChartTitle.swift */ = {isa = PBXFileReference; lastKnownFileType = sourcecode.swift; path = ChartTitle.swift; sourceTree = "<group>"; };
		76087BA12B8BD4AB005C2431 /* ConditionalContainerRelativeFrame.swift */ = {isa = PBXFileReference; lastKnownFileType = sourcecode.swift; path = ConditionalContainerRelativeFrame.swift; sourceTree = "<group>"; };
		76087BA32B8BD4BB005C2431 /* ConditionalPadding.swift */ = {isa = PBXFileReference; lastKnownFileType = sourcecode.swift; path = ConditionalPadding.swift; sourceTree = "<group>"; };
		76087BA52B8BD4D0005C2431 /* ConditionalContentMargins.swift */ = {isa = PBXFileReference; lastKnownFileType = sourcecode.swift; path = ConditionalContentMargins.swift; sourceTree = "<group>"; };
		76087BAE2B8BD5C7005C2431 /* LocationManager.swift */ = {isa = PBXFileReference; lastKnownFileType = sourcecode.swift; path = LocationManager.swift; sourceTree = "<group>"; };
		76087BB02B8BD5D1005C2431 /* NotificationManager.swift */ = {isa = PBXFileReference; lastKnownFileType = sourcecode.swift; path = NotificationManager.swift; sourceTree = "<group>"; };
		765FA88F2B91EC3000030EC1 /* Source.swift */ = {isa = PBXFileReference; lastKnownFileType = sourcecode.swift; path = Source.swift; sourceTree = "<group>"; };
		765FA8912B91EC4F00030EC1 /* Details.swift */ = {isa = PBXFileReference; lastKnownFileType = sourcecode.swift; path = Details.swift; sourceTree = "<group>"; };
		765FA8932B91EC8700030EC1 /* SourceLink.swift */ = {isa = PBXFileReference; lastKnownFileType = sourcecode.swift; path = SourceLink.swift; sourceTree = "<group>"; };
		765FA8952B91EC9900030EC1 /* Paragraph.swift */ = {isa = PBXFileReference; lastKnownFileType = sourcecode.swift; path = Paragraph.swift; sourceTree = "<group>"; };
		765FA8972B91ECA600030EC1 /* Article.swift */ = {isa = PBXFileReference; lastKnownFileType = sourcecode.swift; path = Article.swift; sourceTree = "<group>"; };
		765FA8992B91ECBE00030EC1 /* ArticleSource.swift */ = {isa = PBXFileReference; lastKnownFileType = sourcecode.swift; path = ArticleSource.swift; sourceTree = "<group>"; };
		765FA89B2B91ECDB00030EC1 /* Articles.swift */ = {isa = PBXFileReference; lastKnownFileType = sourcecode.swift; path = Articles.swift; sourceTree = "<group>"; };
		765FA89D2B91ECE600030EC1 /* TopPicks.swift */ = {isa = PBXFileReference; lastKnownFileType = sourcecode.swift; path = TopPicks.swift; sourceTree = "<group>"; };
		765FA89F2B91ECEE00030EC1 /* Trivia.swift */ = {isa = PBXFileReference; lastKnownFileType = sourcecode.swift; path = Trivia.swift; sourceTree = "<group>"; };
		765FA8A12B91ED0200030EC1 /* Fact.swift */ = {isa = PBXFileReference; lastKnownFileType = sourcecode.swift; path = Fact.swift; sourceTree = "<group>"; };
		765FA8A52B91ED7500030EC1 /* OnboardingViewModel.swift */ = {isa = PBXFileReference; lastKnownFileType = sourcecode.swift; path = OnboardingViewModel.swift; sourceTree = "<group>"; };
		765FA8A72B91ED9800030EC1 /* OnboardingStartView.swift */ = {isa = PBXFileReference; lastKnownFileType = sourcecode.swift; path = OnboardingStartView.swift; sourceTree = "<group>"; };
		765FA8A92B91EDAD00030EC1 /* OnboardingSignInView.swift */ = {isa = PBXFileReference; lastKnownFileType = sourcecode.swift; path = OnboardingSignInView.swift; sourceTree = "<group>"; };
		765FA8AB2B91EDC300030EC1 /* OnboardingLocationView.swift */ = {isa = PBXFileReference; lastKnownFileType = sourcecode.swift; path = OnboardingLocationView.swift; sourceTree = "<group>"; };
		765FA8AD2B91EDD600030EC1 /* OnboardingNotificationView.swift */ = {isa = PBXFileReference; lastKnownFileType = sourcecode.swift; path = OnboardingNotificationView.swift; sourceTree = "<group>"; };
		765FA8AF2B91EDE600030EC1 /* OnboardingDetailView.swift */ = {isa = PBXFileReference; lastKnownFileType = sourcecode.swift; path = OnboardingDetailView.swift; sourceTree = "<group>"; };
		765FA8B12B91EE2200030EC1 /* PrivateDataManager.swift */ = {isa = PBXFileReference; lastKnownFileType = sourcecode.swift; path = PrivateDataManager.swift; sourceTree = "<group>"; };
		765FA8B32B91EE4600030EC1 /* PublicDataManager.swift */ = {isa = PBXFileReference; lastKnownFileType = sourcecode.swift; path = PublicDataManager.swift; sourceTree = "<group>"; };
		765FA8B52B91EE6300030EC1 /* LevelManager.swift */ = {isa = PBXFileReference; lastKnownFileType = sourcecode.swift; path = LevelManager.swift; sourceTree = "<group>"; };
		768FAAB72B93AB3A00DE4127 /* README.md */ = {isa = PBXFileReference; lastKnownFileType = net.daringfireball.markdown; path = README.md; sourceTree = "<group>"; };
		76E306C82B69578700112552 /* EmissionIQ.app */ = {isa = PBXFileReference; explicitFileType = wrapper.application; includeInIndex = 0; path = EmissionIQ.app; sourceTree = BUILT_PRODUCTS_DIR; };
		76E306CB2B69578700112552 /* EmissionIQApp.swift */ = {isa = PBXFileReference; lastKnownFileType = sourcecode.swift; path = EmissionIQApp.swift; sourceTree = "<group>"; };
		76E306CD2B69578700112552 /* ContentView.swift */ = {isa = PBXFileReference; lastKnownFileType = sourcecode.swift; path = ContentView.swift; sourceTree = "<group>"; };
		76E306CF2B69578800112552 /* Assets.xcassets */ = {isa = PBXFileReference; lastKnownFileType = folder.assetcatalog; path = Assets.xcassets; sourceTree = "<group>"; };
		76E306D12B69578800112552 /* EmissionIQ.entitlements */ = {isa = PBXFileReference; lastKnownFileType = text.plist.entitlements; path = EmissionIQ.entitlements; sourceTree = "<group>"; };
		76E306D32B69578800112552 /* Preview Assets.xcassets */ = {isa = PBXFileReference; lastKnownFileType = folder.assetcatalog; path = "Preview Assets.xcassets"; sourceTree = "<group>"; };
		76E306DA2B6957A500112552 /* .gitignore */ = {isa = PBXFileReference; fileEncoding = 4; lastKnownFileType = text; path = .gitignore; sourceTree = "<group>"; };
		76E306DC2B69580D00112552 /* Config.xcconfig */ = {isa = PBXFileReference; lastKnownFileType = text.xcconfig; path = Config.xcconfig; sourceTree = "<group>"; };
		76E306DD2B69583C00112552 /* Info.plist */ = {isa = PBXFileReference; lastKnownFileType = text.plist.xml; path = Info.plist; sourceTree = "<group>"; };
		76F875142B88F2ED000EA3D7 /* DateExtension.swift */ = {isa = PBXFileReference; lastKnownFileType = sourcecode.swift; path = DateExtension.swift; sourceTree = "<group>"; };
		76F875162B88F34E000EA3D7 /* RoundedSheet.swift */ = {isa = PBXFileReference; lastKnownFileType = sourcecode.swift; path = RoundedSheet.swift; sourceTree = "<group>"; };
		76F875192B88F39C000EA3D7 /* Gold.usdz */ = {isa = PBXFileReference; lastKnownFileType = file.usdz; path = Gold.usdz; sourceTree = "<group>"; };
		76F8751A2B88F39C000EA3D7 /* Silver.usdz */ = {isa = PBXFileReference; lastKnownFileType = file.usdz; path = Silver.usdz; sourceTree = "<group>"; };
		76F8751B2B88F39C000EA3D7 /* Bronze.usdz */ = {isa = PBXFileReference; lastKnownFileType = file.usdz; path = Bronze.usdz; sourceTree = "<group>"; };
		76F8751F2B88F41F000EA3D7 /* WavyRectangle.swift */ = {isa = PBXFileReference; lastKnownFileType = sourcecode.swift; path = WavyRectangle.swift; sourceTree = "<group>"; };
		76F875212B88F42F000EA3D7 /* Ribbon.swift */ = {isa = PBXFileReference; lastKnownFileType = sourcecode.swift; path = Ribbon.swift; sourceTree = "<group>"; };
		76F875232B88F44B000EA3D7 /* WebView.swift */ = {isa = PBXFileReference; lastKnownFileType = sourcecode.swift; path = WebView.swift; sourceTree = "<group>"; };
		76F875272B88F4A6000EA3D7 /* GlassEffectView.swift */ = {isa = PBXFileReference; lastKnownFileType = sourcecode.swift; path = GlassEffectView.swift; sourceTree = "<group>"; };
		76F875292B88F4C8000EA3D7 /* GalleryHeaderView.swift */ = {isa = PBXFileReference; lastKnownFileType = sourcecode.swift; path = GalleryHeaderView.swift; sourceTree = "<group>"; };
		76F8752B2B88F4E7000EA3D7 /* PageHeaderView.swift */ = {isa = PBXFileReference; lastKnownFileType = sourcecode.swift; path = PageHeaderView.swift; sourceTree = "<group>"; };
		76F8752D2B88F50D000EA3D7 /* ReusableButtonView.swift */ = {isa = PBXFileReference; lastKnownFileType = sourcecode.swift; path = ReusableButtonView.swift; sourceTree = "<group>"; };
		76F8752F2B88F52B000EA3D7 /* ReusableErrorView.swift */ = {isa = PBXFileReference; lastKnownFileType = sourcecode.swift; path = ReusableErrorView.swift; sourceTree = "<group>"; };
		76F875312B88F53E000EA3D7 /* LoadingView.swift */ = {isa = PBXFileReference; lastKnownFileType = sourcecode.swift; path = LoadingView.swift; sourceTree = "<group>"; };
		76F875342B88F610000EA3D7 /* facts.json */ = {isa = PBXFileReference; fileEncoding = 4; lastKnownFileType = text.json; path = facts.json; sourceTree = "<group>"; };
		76F875352B88F610000EA3D7 /* trivia.json */ = {isa = PBXFileReference; fileEncoding = 4; lastKnownFileType = text.json; path = trivia.json; sourceTree = "<group>"; };
		76F875382B88F62A000EA3D7 /* sources.json */ = {isa = PBXFileReference; lastKnownFileType = text.json; path = sources.json; sourceTree = "<group>"; };
		76F8753A2B88F647000EA3D7 /* topPicks.json */ = {isa = PBXFileReference; lastKnownFileType = text.json; path = topPicks.json; sourceTree = "<group>"; };
/* End PBXFileReference section */

/* Begin PBXFrameworksBuildPhase section */
		76E306C52B69578700112552 /* Frameworks */ = {
			isa = PBXFrameworksBuildPhase;
			buildActionMask = 2147483647;
			files = (
				76FF34B62B7FA26B00101092 /* Vortex in Frameworks */,
			);
			runOnlyForDeploymentPostprocessing = 0;
		};
/* End PBXFrameworksBuildPhase section */

/* Begin PBXGroup section */
		76087BA72B8BD4FB005C2431 /* Environment */ = {
			isa = PBXGroup;
			children = (
				76087BAE2B8BD5C7005C2431 /* LocationManager.swift */,
				76087BB02B8BD5D1005C2431 /* NotificationManager.swift */,
				765FA8B12B91EE2200030EC1 /* PrivateDataManager.swift */,
				765FA8B32B91EE4600030EC1 /* PublicDataManager.swift */,
				765FA8B52B91EE6300030EC1 /* LevelManager.swift */,
			);
			path = Environment;
			sourceTree = "<group>";
		};
		76087BA82B8BD555005C2431 /* Home */ = {
			isa = PBXGroup;
			children = (
			);
			path = Home;
			sourceTree = "<group>";
		};
		76087BA92B8BD562005C2431 /* Journeys */ = {
			isa = PBXGroup;
			children = (
			);
			path = Journeys;
			sourceTree = "<group>";
		};
		76087BAA2B8BD566005C2431 /* Trophies */ = {
			isa = PBXGroup;
			children = (
			);
			path = Trophies;
			sourceTree = "<group>";
		};
		76087BAB2B8BD56B005C2431 /* Leaderboards */ = {
			isa = PBXGroup;
			children = (
			);
			path = Leaderboards;
			sourceTree = "<group>";
		};
		76087BAC2B8BD571005C2431 /* Learning */ = {
			isa = PBXGroup;
			children = (
			);
			path = Learning;
			sourceTree = "<group>";
		};
		76087BAD2B8BD593005C2431 /* Onboarding */ = {
			isa = PBXGroup;
			children = (
				765FA8A32B91ED5B00030EC1 /* Views */,
				765FA8A42B91ED6100030EC1 /* ViewModels */,
			);
			path = Onboarding;
			sourceTree = "<group>";
		};
		761A88492B97DD3500F85ABB /* TIps */ = {
			isa = PBXGroup;
			children = (
			);
			path = TIps;
			sourceTree = "<group>";
		};
		763274B82B7D3FDD00257FD2 /* View Modifiers */ = {
			isa = PBXGroup;
			children = (
				76F875162B88F34E000EA3D7 /* RoundedSheet.swift */,
				76087B992B8BD469005C2431 /* ListSectionTag.swift */,
				76087B9B2B8BD47B005C2431 /* LocationTextField.swift */,
				76087B9F2B8BD49B005C2431 /* ChartTitle.swift */,
				76087BA12B8BD4AB005C2431 /* ConditionalContainerRelativeFrame.swift */,
				76087BA32B8BD4BB005C2431 /* ConditionalPadding.swift */,
				76087BA52B8BD4D0005C2431 /* ConditionalContentMargins.swift */,
			);
			path = "View Modifiers";
			sourceTree = "<group>";
		};
		763274B92B7D3FEF00257FD2 /* Extensions */ = {
			isa = PBXGroup;
			children = (
				76F875142B88F2ED000EA3D7 /* DateExtension.swift */,
			);
			path = Extensions;
			sourceTree = "<group>";
		};
		763274BA2B7D3FFE00257FD2 /* Structs */ = {
			isa = PBXGroup;
			children = (
				76F8751F2B88F41F000EA3D7 /* WavyRectangle.swift */,
				76F875212B88F42F000EA3D7 /* Ribbon.swift */,
				76F875232B88F44B000EA3D7 /* WebView.swift */,
				765FA88F2B91EC3000030EC1 /* Source.swift */,
				765FA8912B91EC4F00030EC1 /* Details.swift */,
				765FA8932B91EC8700030EC1 /* SourceLink.swift */,
				765FA8952B91EC9900030EC1 /* Paragraph.swift */,
				765FA8972B91ECA600030EC1 /* Article.swift */,
				765FA8992B91ECBE00030EC1 /* ArticleSource.swift */,
				765FA89B2B91ECDB00030EC1 /* Articles.swift */,
				765FA89D2B91ECE600030EC1 /* TopPicks.swift */,
				765FA89F2B91ECEE00030EC1 /* Trivia.swift */,
				765FA8A12B91ED0200030EC1 /* Fact.swift */,
			);
			path = Structs;
			sourceTree = "<group>";
		};
		763274BB2B7D401A00257FD2 /* Modules */ = {
			isa = PBXGroup;
			children = (
				76087BAD2B8BD593005C2431 /* Onboarding */,
				76087BA82B8BD555005C2431 /* Home */,
				76087BA92B8BD562005C2431 /* Journeys */,
				76087BAA2B8BD566005C2431 /* Trophies */,
				76087BAB2B8BD56B005C2431 /* Leaderboards */,
				76087BAC2B8BD571005C2431 /* Learning */,
				76F875252B88F489000EA3D7 /* Components */,
			);
			path = Modules;
			sourceTree = "<group>";
		};
		763274BC2B7D405500257FD2 /* Resources */ = {
			isa = PBXGroup;
			children = (
				76F875332B88F5D3000EA3D7 /* Data Sources */,
				76F875182B88F39C000EA3D7 /* 3D Models */,
				76E306CF2B69578800112552 /* Assets.xcassets */,
			);
			path = Resources;
			sourceTree = "<group>";
		};
		763274BD2B7D408200257FD2 /* Configuration */ = {
			isa = PBXGroup;
			children = (
				76E306DC2B69580D00112552 /* Config.xcconfig */,
			);
			path = Configuration;
			sourceTree = "<group>";
		};
		763274BE2B7D409E00257FD2 /* Supporting Files */ = {
			isa = PBXGroup;
			children = (
				76E306CB2B69578700112552 /* EmissionIQApp.swift */,
				76E306CD2B69578700112552 /* ContentView.swift */,
			);
			path = "Supporting Files";
			sourceTree = "<group>";
		};
		765FA8A32B91ED5B00030EC1 /* Views */ = {
			isa = PBXGroup;
			children = (
				765FA8A72B91ED9800030EC1 /* OnboardingStartView.swift */,
				765FA8A92B91EDAD00030EC1 /* OnboardingSignInView.swift */,
				765FA8AB2B91EDC300030EC1 /* OnboardingLocationView.swift */,
				765FA8AD2B91EDD600030EC1 /* OnboardingNotificationView.swift */,
				765FA8AF2B91EDE600030EC1 /* OnboardingDetailView.swift */,
			);
			path = Views;
			sourceTree = "<group>";
		};
		765FA8A42B91ED6100030EC1 /* ViewModels */ = {
			isa = PBXGroup;
			children = (
				765FA8A52B91ED7500030EC1 /* OnboardingViewModel.swift */,
			);
			path = ViewModels;
			sourceTree = "<group>";
		};
		76E306BF2B69578700112552 = {
			isa = PBXGroup;
			children = (
				768FAAB72B93AB3A00DE4127 /* README.md */,
				76E306DA2B6957A500112552 /* .gitignore */,
				76E306CA2B69578700112552 /* EmissionIQ */,
				76E306C92B69578700112552 /* Products */,
			);
			sourceTree = "<group>";
		};
		76E306C92B69578700112552 /* Products */ = {
			isa = PBXGroup;
			children = (
				76E306C82B69578700112552 /* EmissionIQ.app */,
			);
			name = Products;
			sourceTree = "<group>";
		};
		76E306CA2B69578700112552 /* EmissionIQ */ = {
			isa = PBXGroup;
			children = (
				76E306DD2B69583C00112552 /* Info.plist */,
				76E306D12B69578800112552 /* EmissionIQ.entitlements */,
				763274BD2B7D408200257FD2 /* Configuration */,
				763274B82B7D3FDD00257FD2 /* View Modifiers */,
				763274B92B7D3FEF00257FD2 /* Extensions */,
				763274BA2B7D3FFE00257FD2 /* Structs */,
				761A88492B97DD3500F85ABB /* TIps */,
				76087BA72B8BD4FB005C2431 /* Environment */,
				763274BB2B7D401A00257FD2 /* Modules */,
				763274BC2B7D405500257FD2 /* Resources */,
				763274BE2B7D409E00257FD2 /* Supporting Files */,
				76E306D22B69578800112552 /* Preview Content */,
			);
			path = EmissionIQ;
			sourceTree = "<group>";
		};
		76E306D22B69578800112552 /* Preview Content */ = {
			isa = PBXGroup;
			children = (
				76E306D32B69578800112552 /* Preview Assets.xcassets */,
			);
			path = "Preview Content";
			sourceTree = "<group>";
		};
		76F875182B88F39C000EA3D7 /* 3D Models */ = {
			isa = PBXGroup;
			children = (
				76F875192B88F39C000EA3D7 /* Gold.usdz */,
				76F8751A2B88F39C000EA3D7 /* Silver.usdz */,
				76F8751B2B88F39C000EA3D7 /* Bronze.usdz */,
			);
			path = "3D Models";
			sourceTree = "<group>";
		};
		76F875252B88F489000EA3D7 /* Components */ = {
			isa = PBXGroup;
			children = (
				76F875262B88F48F000EA3D7 /* Views */,
			);
			path = Components;
			sourceTree = "<group>";
		};
		76F875262B88F48F000EA3D7 /* Views */ = {
			isa = PBXGroup;
			children = (
				76F875272B88F4A6000EA3D7 /* GlassEffectView.swift */,
				76F875292B88F4C8000EA3D7 /* GalleryHeaderView.swift */,
				76F8752B2B88F4E7000EA3D7 /* PageHeaderView.swift */,
				76F8752D2B88F50D000EA3D7 /* ReusableButtonView.swift */,
				76F8752F2B88F52B000EA3D7 /* ReusableErrorView.swift */,
				76F875312B88F53E000EA3D7 /* LoadingView.swift */,
			);
			path = Views;
			sourceTree = "<group>";
		};
		76F875332B88F5D3000EA3D7 /* Data Sources */ = {
			isa = PBXGroup;
			children = (
				76F875342B88F610000EA3D7 /* facts.json */,
				76F875352B88F610000EA3D7 /* trivia.json */,
				76F875382B88F62A000EA3D7 /* sources.json */,
				76F8753A2B88F647000EA3D7 /* topPicks.json */,
			);
			path = "Data Sources";
			sourceTree = "<group>";
		};
/* End PBXGroup section */

/* Begin PBXNativeTarget section */
		76E306C72B69578700112552 /* EmissionIQ */ = {
			isa = PBXNativeTarget;
			buildConfigurationList = 76E306D72B69578800112552 /* Build configuration list for PBXNativeTarget "EmissionIQ" */;
			buildPhases = (
				76E306C42B69578700112552 /* Sources */,
				76E306C52B69578700112552 /* Frameworks */,
				76E306C62B69578700112552 /* Resources */,
			);
			buildRules = (
			);
			dependencies = (
			);
			name = EmissionIQ;
			packageProductDependencies = (
				76FF34B52B7FA26B00101092 /* Vortex */,
			);
			productName = EmissionIQ;
			productReference = 76E306C82B69578700112552 /* EmissionIQ.app */;
			productType = "com.apple.product-type.application";
		};
/* End PBXNativeTarget section */

/* Begin PBXProject section */
		76E306C02B69578700112552 /* Project object */ = {
			isa = PBXProject;
			attributes = {
				BuildIndependentTargetsInParallel = 1;
				LastSwiftUpdateCheck = 1500;
				LastUpgradeCheck = 1500;
				TargetAttributes = {
					76E306C72B69578700112552 = {
						CreatedOnToolsVersion = 15.0;
					};
				};
			};
			buildConfigurationList = 76E306C32B69578700112552 /* Build configuration list for PBXProject "EmissionIQ" */;
			compatibilityVersion = "Xcode 14.0";
			developmentRegion = en;
			hasScannedForEncodings = 0;
			knownRegions = (
				en,
				Base,
			);
			mainGroup = 76E306BF2B69578700112552;
			packageReferences = (
				76FF34B42B7FA26B00101092 /* XCRemoteSwiftPackageReference "Vortex" */,
			);
			productRefGroup = 76E306C92B69578700112552 /* Products */;
			projectDirPath = "";
			projectRoot = "";
			targets = (
				76E306C72B69578700112552 /* EmissionIQ */,
			);
		};
/* End PBXProject section */

/* Begin PBXResourcesBuildPhase section */
		76E306C62B69578700112552 /* Resources */ = {
			isa = PBXResourcesBuildPhase;
			buildActionMask = 2147483647;
			files = (
				76F875362B88F610000EA3D7 /* facts.json in Resources */,
				76F875392B88F634000EA3D7 /* sources.json in Resources */,
				76F8751D2B88F39C000EA3D7 /* Silver.usdz in Resources */,
				76F875372B88F610000EA3D7 /* trivia.json in Resources */,
				76F8751E2B88F39C000EA3D7 /* Bronze.usdz in Resources */,
				76E306D42B69578800112552 /* Preview Assets.xcassets in Resources */,
				76F8753B2B88F652000EA3D7 /* topPicks.json in Resources */,
				76E306DB2B6957A500112552 /* .gitignore in Resources */,
				76E306D02B69578800112552 /* Assets.xcassets in Resources */,
				76F8751C2B88F39C000EA3D7 /* Gold.usdz in Resources */,
			);
			runOnlyForDeploymentPostprocessing = 0;
		};
/* End PBXResourcesBuildPhase section */

/* Begin PBXSourcesBuildPhase section */
		76E306C42B69578700112552 /* Sources */ = {
			isa = PBXSourcesBuildPhase;
			buildActionMask = 2147483647;
			files = (
				765FA89C2B91ECDB00030EC1 /* Articles.swift in Sources */,
				765FA8982B91ECA600030EC1 /* Article.swift in Sources */,
				76E306CE2B69578700112552 /* ContentView.swift in Sources */,
				765FA8B82B91F25400030EC1 /* PrivateDataManager.swift in Sources */,
				765FA8AC2B91EDC300030EC1 /* OnboardingLocationView.swift in Sources */,
				765FA8A82B91ED9800030EC1 /* OnboardingStartView.swift in Sources */,
				765FA8A62B91ED7500030EC1 /* OnboardingViewModel.swift in Sources */,
				76F875152B88F2ED000EA3D7 /* DateExtension.swift in Sources */,
				76087B9A2B8BD469005C2431 /* ListSectionTag.swift in Sources */,
				765FA8B62B91EE6300030EC1 /* LevelManager.swift in Sources */,
				76F8752A2B88F4C8000EA3D7 /* GalleryHeaderView.swift in Sources */,
				765FA8902B91EC3000030EC1 /* Source.swift in Sources */,
				76F875282B88F4A6000EA3D7 /* GlassEffectView.swift in Sources */,
				76E306CC2B69578700112552 /* EmissionIQApp.swift in Sources */,
				765FA8922B91EC4F00030EC1 /* Details.swift in Sources */,
				765FA89E2B91ECE600030EC1 /* TopPicks.swift in Sources */,
				76087BA42B8BD4BB005C2431 /* ConditionalPadding.swift in Sources */,
				765FA8942B91EC8700030EC1 /* SourceLink.swift in Sources */,
				76087BA22B8BD4AB005C2431 /* ConditionalContainerRelativeFrame.swift in Sources */,
				765FA89A2B91ECBE00030EC1 /* ArticleSource.swift in Sources */,
				76F875222B88F42F000EA3D7 /* Ribbon.swift in Sources */,
				76F8752C2B88F4E7000EA3D7 /* PageHeaderView.swift in Sources */,
				765FA8B72B91F24F00030EC1 /* NotificationManager.swift in Sources */,
				76F875202B88F41F000EA3D7 /* WavyRectangle.swift in Sources */,
				76F8752E2B88F50D000EA3D7 /* ReusableButtonView.swift in Sources */,
				765FA8B02B91EDE600030EC1 /* OnboardingDetailView.swift in Sources */,
				76F875172B88F34E000EA3D7 /* RoundedSheet.swift in Sources */,
				76F875302B88F52B000EA3D7 /* ReusableErrorView.swift in Sources */,
				765FA8A02B91ECEE00030EC1 /* Trivia.swift in Sources */,
				765FA8AA2B91EDAD00030EC1 /* OnboardingSignInView.swift in Sources */,
				76F875322B88F53E000EA3D7 /* LoadingView.swift in Sources */,
				765FA8A22B91ED0200030EC1 /* Fact.swift in Sources */,
				76F875242B88F44B000EA3D7 /* WebView.swift in Sources */,
				76087B9C2B8BD47B005C2431 /* LocationTextField.swift in Sources */,
				765FA8B42B91EE4600030EC1 /* PublicDataManager.swift in Sources */,
				76087BAF2B8BD5C7005C2431 /* LocationManager.swift in Sources */,
				765FA8AE2B91EDD600030EC1 /* OnboardingNotificationView.swift in Sources */,
				765FA8962B91EC9900030EC1 /* Paragraph.swift in Sources */,
				76087BA02B8BD49B005C2431 /* ChartTitle.swift in Sources */,
				76087BA62B8BD4D0005C2431 /* ConditionalContentMargins.swift in Sources */,
			);
			runOnlyForDeploymentPostprocessing = 0;
		};
/* End PBXSourcesBuildPhase section */

/* Begin XCBuildConfiguration section */
		76E306D52B69578800112552 /* Debug */ = {
			isa = XCBuildConfiguration;
			buildSettings = {
				ALWAYS_SEARCH_USER_PATHS = NO;
				ASSETCATALOG_COMPILER_GENERATE_SWIFT_ASSET_SYMBOL_EXTENSIONS = YES;
				CLANG_ANALYZER_NONNULL = YES;
				CLANG_ANALYZER_NUMBER_OBJECT_CONVERSION = YES_AGGRESSIVE;
				CLANG_CXX_LANGUAGE_STANDARD = "gnu++20";
				CLANG_ENABLE_MODULES = YES;
				CLANG_ENABLE_OBJC_ARC = YES;
				CLANG_ENABLE_OBJC_WEAK = YES;
				CLANG_WARN_BLOCK_CAPTURE_AUTORELEASING = YES;
				CLANG_WARN_BOOL_CONVERSION = YES;
				CLANG_WARN_COMMA = YES;
				CLANG_WARN_CONSTANT_CONVERSION = YES;
				CLANG_WARN_DEPRECATED_OBJC_IMPLEMENTATIONS = YES;
				CLANG_WARN_DIRECT_OBJC_ISA_USAGE = YES_ERROR;
				CLANG_WARN_DOCUMENTATION_COMMENTS = YES;
				CLANG_WARN_EMPTY_BODY = YES;
				CLANG_WARN_ENUM_CONVERSION = YES;
				CLANG_WARN_INFINITE_RECURSION = YES;
				CLANG_WARN_INT_CONVERSION = YES;
				CLANG_WARN_NON_LITERAL_NULL_CONVERSION = YES;
				CLANG_WARN_OBJC_IMPLICIT_RETAIN_SELF = YES;
				CLANG_WARN_OBJC_LITERAL_CONVERSION = YES;
				CLANG_WARN_OBJC_ROOT_CLASS = YES_ERROR;
				CLANG_WARN_QUOTED_INCLUDE_IN_FRAMEWORK_HEADER = YES;
				CLANG_WARN_RANGE_LOOP_ANALYSIS = YES;
				CLANG_WARN_STRICT_PROTOTYPES = YES;
				CLANG_WARN_SUSPICIOUS_MOVE = YES;
				CLANG_WARN_UNGUARDED_AVAILABILITY = YES_AGGRESSIVE;
				CLANG_WARN_UNREACHABLE_CODE = YES;
				CLANG_WARN__DUPLICATE_METHOD_MATCH = YES;
				COPY_PHASE_STRIP = NO;
				DEBUG_INFORMATION_FORMAT = dwarf;
				ENABLE_STRICT_OBJC_MSGSEND = YES;
				ENABLE_TESTABILITY = YES;
				ENABLE_USER_SCRIPT_SANDBOXING = YES;
				GCC_C_LANGUAGE_STANDARD = gnu17;
				GCC_DYNAMIC_NO_PIC = NO;
				GCC_NO_COMMON_BLOCKS = YES;
				GCC_OPTIMIZATION_LEVEL = 0;
				GCC_PREPROCESSOR_DEFINITIONS = (
					"DEBUG=1",
					"$(inherited)",
				);
				GCC_WARN_64_TO_32_BIT_CONVERSION = YES;
				GCC_WARN_ABOUT_RETURN_TYPE = YES_ERROR;
				GCC_WARN_UNDECLARED_SELECTOR = YES;
				GCC_WARN_UNINITIALIZED_AUTOS = YES_AGGRESSIVE;
				GCC_WARN_UNUSED_FUNCTION = YES;
				GCC_WARN_UNUSED_VARIABLE = YES;
				LOCALIZATION_PREFERS_STRING_CATALOGS = YES;
				MTL_ENABLE_DEBUG_INFO = INCLUDE_SOURCE;
				MTL_FAST_MATH = YES;
				ONLY_ACTIVE_ARCH = YES;
				SWIFT_ACTIVE_COMPILATION_CONDITIONS = "DEBUG $(inherited)";
				SWIFT_OPTIMIZATION_LEVEL = "-Onone";
			};
			name = Debug;
		};
		76E306D62B69578800112552 /* Release */ = {
			isa = XCBuildConfiguration;
			buildSettings = {
				ALWAYS_SEARCH_USER_PATHS = NO;
				ASSETCATALOG_COMPILER_GENERATE_SWIFT_ASSET_SYMBOL_EXTENSIONS = YES;
				CLANG_ANALYZER_NONNULL = YES;
				CLANG_ANALYZER_NUMBER_OBJECT_CONVERSION = YES_AGGRESSIVE;
				CLANG_CXX_LANGUAGE_STANDARD = "gnu++20";
				CLANG_ENABLE_MODULES = YES;
				CLANG_ENABLE_OBJC_ARC = YES;
				CLANG_ENABLE_OBJC_WEAK = YES;
				CLANG_WARN_BLOCK_CAPTURE_AUTORELEASING = YES;
				CLANG_WARN_BOOL_CONVERSION = YES;
				CLANG_WARN_COMMA = YES;
				CLANG_WARN_CONSTANT_CONVERSION = YES;
				CLANG_WARN_DEPRECATED_OBJC_IMPLEMENTATIONS = YES;
				CLANG_WARN_DIRECT_OBJC_ISA_USAGE = YES_ERROR;
				CLANG_WARN_DOCUMENTATION_COMMENTS = YES;
				CLANG_WARN_EMPTY_BODY = YES;
				CLANG_WARN_ENUM_CONVERSION = YES;
				CLANG_WARN_INFINITE_RECURSION = YES;
				CLANG_WARN_INT_CONVERSION = YES;
				CLANG_WARN_NON_LITERAL_NULL_CONVERSION = YES;
				CLANG_WARN_OBJC_IMPLICIT_RETAIN_SELF = YES;
				CLANG_WARN_OBJC_LITERAL_CONVERSION = YES;
				CLANG_WARN_OBJC_ROOT_CLASS = YES_ERROR;
				CLANG_WARN_QUOTED_INCLUDE_IN_FRAMEWORK_HEADER = YES;
				CLANG_WARN_RANGE_LOOP_ANALYSIS = YES;
				CLANG_WARN_STRICT_PROTOTYPES = YES;
				CLANG_WARN_SUSPICIOUS_MOVE = YES;
				CLANG_WARN_UNGUARDED_AVAILABILITY = YES_AGGRESSIVE;
				CLANG_WARN_UNREACHABLE_CODE = YES;
				CLANG_WARN__DUPLICATE_METHOD_MATCH = YES;
				COPY_PHASE_STRIP = NO;
				DEBUG_INFORMATION_FORMAT = "dwarf-with-dsym";
				ENABLE_NS_ASSERTIONS = NO;
				ENABLE_STRICT_OBJC_MSGSEND = YES;
				ENABLE_USER_SCRIPT_SANDBOXING = YES;
				GCC_C_LANGUAGE_STANDARD = gnu17;
				GCC_NO_COMMON_BLOCKS = YES;
				GCC_WARN_64_TO_32_BIT_CONVERSION = YES;
				GCC_WARN_ABOUT_RETURN_TYPE = YES_ERROR;
				GCC_WARN_UNDECLARED_SELECTOR = YES;
				GCC_WARN_UNINITIALIZED_AUTOS = YES_AGGRESSIVE;
				GCC_WARN_UNUSED_FUNCTION = YES;
				GCC_WARN_UNUSED_VARIABLE = YES;
				LOCALIZATION_PREFERS_STRING_CATALOGS = YES;
				MTL_ENABLE_DEBUG_INFO = NO;
				MTL_FAST_MATH = YES;
				SWIFT_COMPILATION_MODE = wholemodule;
			};
			name = Release;
		};
		76E306D82B69578800112552 /* Debug */ = {
			isa = XCBuildConfiguration;
			baseConfigurationReference = 76E306DC2B69580D00112552 /* Config.xcconfig */;
			buildSettings = {
				ASSETCATALOG_COMPILER_APPICON_NAME = AppIcon;
				ASSETCATALOG_COMPILER_GLOBAL_ACCENT_COLOR_NAME = AccentColor;
				CODE_SIGN_ENTITLEMENTS = EmissionIQ/EmissionIQ.entitlements;
				CODE_SIGN_STYLE = Automatic;
				CURRENT_PROJECT_VERSION = 1;
				DEVELOPMENT_ASSET_PATHS = "\"EmissionIQ/Preview Content\"";
				DEVELOPMENT_TEAM = W8974D23AK;
				ENABLE_HARDENED_RUNTIME = YES;
				ENABLE_PREVIEWS = YES;
				GENERATE_INFOPLIST_FILE = YES;
				INFOPLIST_FILE = EmissionIQ/Info.plist;
				INFOPLIST_KEY_CFBundleDisplayName = EmissionIQ;
				INFOPLIST_KEY_LSApplicationCategoryType = "public.app-category.education";
				INFOPLIST_KEY_NSLocationWhenInUseUsageDescription = "This app uses your location to provide accurate routing for your journeys!";
				"INFOPLIST_KEY_UIApplicationSceneManifest_Generation[sdk=iphoneos*]" = YES;
				"INFOPLIST_KEY_UIApplicationSceneManifest_Generation[sdk=iphonesimulator*]" = YES;
				"INFOPLIST_KEY_UIApplicationSupportsIndirectInputEvents[sdk=iphoneos*]" = YES;
				"INFOPLIST_KEY_UIApplicationSupportsIndirectInputEvents[sdk=iphonesimulator*]" = YES;
				"INFOPLIST_KEY_UILaunchScreen_Generation[sdk=iphoneos*]" = YES;
				"INFOPLIST_KEY_UILaunchScreen_Generation[sdk=iphonesimulator*]" = YES;
				"INFOPLIST_KEY_UIStatusBarStyle[sdk=iphoneos*]" = UIStatusBarStyleDefault;
				"INFOPLIST_KEY_UIStatusBarStyle[sdk=iphonesimulator*]" = UIStatusBarStyleDefault;
				INFOPLIST_KEY_UISupportedInterfaceOrientations = UIInterfaceOrientationPortrait;
				INFOPLIST_KEY_UISupportedInterfaceOrientations_iPad = "UIInterfaceOrientationLandscapeLeft UIInterfaceOrientationLandscapeRight UIInterfaceOrientationPortrait UIInterfaceOrientationPortraitUpsideDown";
				IPHONEOS_DEPLOYMENT_TARGET = 17.0;
				LD_RUNPATH_SEARCH_PATHS = "@executable_path/Frameworks";
				"LD_RUNPATH_SEARCH_PATHS[sdk=macosx*]" = "@executable_path/../Frameworks";
				MACOSX_DEPLOYMENT_TARGET = 14.0;
				MARKETING_VERSION = 1.0;
				PRODUCT_BUNDLE_IDENTIFIER = matt54633.EmissionIQ;
				PRODUCT_NAME = "$(TARGET_NAME)";
				SDKROOT = auto;
				SUPPORTED_PLATFORMS = "iphoneos iphonesimulator";
				SUPPORTS_MACCATALYST = YES;
				SUPPORTS_MAC_DESIGNED_FOR_IPHONE_IPAD = NO;
				SWIFT_EMIT_LOC_STRINGS = YES;
				SWIFT_VERSION = 5.0;
				TARGETED_DEVICE_FAMILY = "1,2";
			};
			name = Debug;
		};
		76E306D92B69578800112552 /* Release */ = {
			isa = XCBuildConfiguration;
			baseConfigurationReference = 76E306DC2B69580D00112552 /* Config.xcconfig */;
			buildSettings = {
				ASSETCATALOG_COMPILER_APPICON_NAME = AppIcon;
				ASSETCATALOG_COMPILER_GLOBAL_ACCENT_COLOR_NAME = AccentColor;
				CODE_SIGN_ENTITLEMENTS = EmissionIQ/EmissionIQ.entitlements;
				CODE_SIGN_STYLE = Automatic;
				CURRENT_PROJECT_VERSION = 1;
				DEVELOPMENT_ASSET_PATHS = "\"EmissionIQ/Preview Content\"";
				DEVELOPMENT_TEAM = W8974D23AK;
				ENABLE_HARDENED_RUNTIME = YES;
				ENABLE_PREVIEWS = YES;
				GENERATE_INFOPLIST_FILE = YES;
				INFOPLIST_FILE = EmissionIQ/Info.plist;
				INFOPLIST_KEY_CFBundleDisplayName = EmissionIQ;
				INFOPLIST_KEY_LSApplicationCategoryType = "public.app-category.education";
				INFOPLIST_KEY_NSLocationWhenInUseUsageDescription = "This app uses your location to provide accurate routing for your journeys!";
				"INFOPLIST_KEY_UIApplicationSceneManifest_Generation[sdk=iphoneos*]" = YES;
				"INFOPLIST_KEY_UIApplicationSceneManifest_Generation[sdk=iphonesimulator*]" = YES;
				"INFOPLIST_KEY_UIApplicationSupportsIndirectInputEvents[sdk=iphoneos*]" = YES;
				"INFOPLIST_KEY_UIApplicationSupportsIndirectInputEvents[sdk=iphonesimulator*]" = YES;
				"INFOPLIST_KEY_UILaunchScreen_Generation[sdk=iphoneos*]" = YES;
				"INFOPLIST_KEY_UILaunchScreen_Generation[sdk=iphonesimulator*]" = YES;
				"INFOPLIST_KEY_UIStatusBarStyle[sdk=iphoneos*]" = UIStatusBarStyleDefault;
				"INFOPLIST_KEY_UIStatusBarStyle[sdk=iphonesimulator*]" = UIStatusBarStyleDefault;
				INFOPLIST_KEY_UISupportedInterfaceOrientations = UIInterfaceOrientationPortrait;
				INFOPLIST_KEY_UISupportedInterfaceOrientations_iPad = "UIInterfaceOrientationLandscapeLeft UIInterfaceOrientationLandscapeRight UIInterfaceOrientationPortrait UIInterfaceOrientationPortraitUpsideDown";
				IPHONEOS_DEPLOYMENT_TARGET = 17.0;
				LD_RUNPATH_SEARCH_PATHS = "@executable_path/Frameworks";
				"LD_RUNPATH_SEARCH_PATHS[sdk=macosx*]" = "@executable_path/../Frameworks";
				MACOSX_DEPLOYMENT_TARGET = 14.0;
				MARKETING_VERSION = 1.0;
				PRODUCT_BUNDLE_IDENTIFIER = matt54633.EmissionIQ;
				PRODUCT_NAME = "$(TARGET_NAME)";
				SDKROOT = auto;
				SUPPORTED_PLATFORMS = "iphoneos iphonesimulator";
				SUPPORTS_MACCATALYST = YES;
				SUPPORTS_MAC_DESIGNED_FOR_IPHONE_IPAD = NO;
				SWIFT_EMIT_LOC_STRINGS = YES;
				SWIFT_VERSION = 5.0;
				TARGETED_DEVICE_FAMILY = "1,2";
			};
			name = Release;
		};
/* End XCBuildConfiguration section */

/* Begin XCConfigurationList section */
		76E306C32B69578700112552 /* Build configuration list for PBXProject "EmissionIQ" */ = {
			isa = XCConfigurationList;
			buildConfigurations = (
				76E306D52B69578800112552 /* Debug */,
				76E306D62B69578800112552 /* Release */,
			);
			defaultConfigurationIsVisible = 0;
			defaultConfigurationName = Release;
		};
		76E306D72B69578800112552 /* Build configuration list for PBXNativeTarget "EmissionIQ" */ = {
			isa = XCConfigurationList;
			buildConfigurations = (
				76E306D82B69578800112552 /* Debug */,
				76E306D92B69578800112552 /* Release */,
			);
			defaultConfigurationIsVisible = 0;
			defaultConfigurationName = Release;
		};
/* End XCConfigurationList section */

/* Begin XCRemoteSwiftPackageReference section */
		76FF34B42B7FA26B00101092 /* XCRemoteSwiftPackageReference "Vortex" */ = {
			isa = XCRemoteSwiftPackageReference;
			repositoryURL = "https://github.com/twostraws/Vortex";
			requirement = {
				kind = upToNextMajorVersion;
				minimumVersion = 1.0.0;
			};
		};
/* End XCRemoteSwiftPackageReference section */

/* Begin XCSwiftPackageProductDependency section */
		76FF34B52B7FA26B00101092 /* Vortex */ = {
			isa = XCSwiftPackageProductDependency;
			package = 76FF34B42B7FA26B00101092 /* XCRemoteSwiftPackageReference "Vortex" */;
			productName = Vortex;
		};
/* End XCSwiftPackageProductDependency section */
	};
	rootObject = 76E306C02B69578700112552 /* Project object */;
}
